
Microsoft Visual Studio Solution File, Format Version 12.00
# Visual Studio 15
VisualStudioVersion = 15.0.26124.0
MinimumVisualStudioVersion = 15.0.26124.0
Project("{FAE04EC0-301F-11D3-BF4B-00C04F79EFBC}") = "day 3", "day 3\day 3.csproj", "{D722E5D1-D5F0-4725-BDD5-F51698F94A01}"
EndProject
Project("{FAE04EC0-301F-11D3-BF4B-00C04F79EFBC}") = "day 2", "day 2\day 2.csproj", "{F255F402-1DF7-49F2-9883-FA690DA4BE5D}"
EndProject
Project("{FAE04EC0-301F-11D3-BF4B-00C04F79EFBC}") = "day 1", "day 1\day 1.csproj", "{10197CAC-F6CA-4E08-943D-16DFC0EA5DAC}"
EndProject
Project("{FAE04EC0-301F-11D3-BF4B-00C04F79EFBC}") = "tests", "tests\tests.csproj", "{38FA83A5-9391-4A62-B003-C5510B7D92C2}"
EndProject
Project("{FAE04EC0-301F-11D3-BF4B-00C04F79EFBC}") = "day 4", "day 4\day 4.csproj", "{08FB619C-BC55-4D98-BC25-305331053F1A}"
EndProject
Project("{FAE04EC0-301F-11D3-BF4B-00C04F79EFBC}") = "day 5", "day 5\day 5.csproj", "{E8006ADC-304C-4535-BB04-3B69749D83AC}"
EndProject
Project("{FAE04EC0-301F-11D3-BF4B-00C04F79EFBC}") = "day 6", "day 6\day 6.csproj", "{41E995A5-D4B0-4CCF-A68D-19EA63E6D905}"
EndProject
Global
	GlobalSection(SolutionConfigurationPlatforms) = preSolution
		Debug|Any CPU = Debug|Any CPU
		Debug|x64 = Debug|x64
		Debug|x86 = Debug|x86
		Release|Any CPU = Release|Any CPU
		Release|x64 = Release|x64
		Release|x86 = Release|x86
	EndGlobalSection
	GlobalSection(SolutionProperties) = preSolution
		HideSolutionNode = FALSE
	EndGlobalSection
	GlobalSection(ProjectConfigurationPlatforms) = postSolution
		{D722E5D1-D5F0-4725-BDD5-F51698F94A01}.Debug|Any CPU.ActiveCfg = Debug|Any CPU
		{D722E5D1-D5F0-4725-BDD5-F51698F94A01}.Debug|Any CPU.Build.0 = Debug|Any CPU
		{D722E5D1-D5F0-4725-BDD5-F51698F94A01}.Debug|x64.ActiveCfg = Debug|x64
		{D722E5D1-D5F0-4725-BDD5-F51698F94A01}.Debug|x64.Build.0 = Debug|x64
		{D722E5D1-D5F0-4725-BDD5-F51698F94A01}.Debug|x86.ActiveCfg = Debug|x86
		{D722E5D1-D5F0-4725-BDD5-F51698F94A01}.Debug|x86.Build.0 = Debug|x86
		{D722E5D1-D5F0-4725-BDD5-F51698F94A01}.Release|Any CPU.ActiveCfg = Release|Any CPU
		{D722E5D1-D5F0-4725-BDD5-F51698F94A01}.Release|Any CPU.Build.0 = Release|Any CPU
		{D722E5D1-D5F0-4725-BDD5-F51698F94A01}.Release|x64.ActiveCfg = Release|x64
		{D722E5D1-D5F0-4725-BDD5-F51698F94A01}.Release|x64.Build.0 = Release|x64
		{D722E5D1-D5F0-4725-BDD5-F51698F94A01}.Release|x86.ActiveCfg = Release|x86
		{D722E5D1-D5F0-4725-BDD5-F51698F94A01}.Release|x86.Build.0 = Release|x86
		{F255F402-1DF7-49F2-9883-FA690DA4BE5D}.Debug|Any CPU.ActiveCfg = Debug|Any CPU
		{F255F402-1DF7-49F2-9883-FA690DA4BE5D}.Debug|Any CPU.Build.0 = Debug|Any CPU
		{F255F402-1DF7-49F2-9883-FA690DA4BE5D}.Debug|x64.ActiveCfg = Debug|x64
		{F255F402-1DF7-49F2-9883-FA690DA4BE5D}.Debug|x64.Build.0 = Debug|x64
		{F255F402-1DF7-49F2-9883-FA690DA4BE5D}.Debug|x86.ActiveCfg = Debug|x86
		{F255F402-1DF7-49F2-9883-FA690DA4BE5D}.Debug|x86.Build.0 = Debug|x86
		{F255F402-1DF7-49F2-9883-FA690DA4BE5D}.Release|Any CPU.ActiveCfg = Release|Any CPU
		{F255F402-1DF7-49F2-9883-FA690DA4BE5D}.Release|Any CPU.Build.0 = Release|Any CPU
		{F255F402-1DF7-49F2-9883-FA690DA4BE5D}.Release|x64.ActiveCfg = Release|x64
		{F255F402-1DF7-49F2-9883-FA690DA4BE5D}.Release|x64.Build.0 = Release|x64
		{F255F402-1DF7-49F2-9883-FA690DA4BE5D}.Release|x86.ActiveCfg = Release|x86
		{F255F402-1DF7-49F2-9883-FA690DA4BE5D}.Release|x86.Build.0 = Release|x86
		{10197CAC-F6CA-4E08-943D-16DFC0EA5DAC}.Debug|Any CPU.ActiveCfg = Debug|Any CPU
		{10197CAC-F6CA-4E08-943D-16DFC0EA5DAC}.Debug|Any CPU.Build.0 = Debug|Any CPU
		{10197CAC-F6CA-4E08-943D-16DFC0EA5DAC}.Debug|x64.ActiveCfg = Debug|x64
		{10197CAC-F6CA-4E08-943D-16DFC0EA5DAC}.Debug|x64.Build.0 = Debug|x64
		{10197CAC-F6CA-4E08-943D-16DFC0EA5DAC}.Debug|x86.ActiveCfg = Debug|x86
		{10197CAC-F6CA-4E08-943D-16DFC0EA5DAC}.Debug|x86.Build.0 = Debug|x86
		{10197CAC-F6CA-4E08-943D-16DFC0EA5DAC}.Release|Any CPU.ActiveCfg = Release|Any CPU
		{10197CAC-F6CA-4E08-943D-16DFC0EA5DAC}.Release|Any CPU.Build.0 = Release|Any CPU
		{10197CAC-F6CA-4E08-943D-16DFC0EA5DAC}.Release|x64.ActiveCfg = Release|x64
		{10197CAC-F6CA-4E08-943D-16DFC0EA5DAC}.Release|x64.Build.0 = Release|x64
		{10197CAC-F6CA-4E08-943D-16DFC0EA5DAC}.Release|x86.ActiveCfg = Release|x86
		{10197CAC-F6CA-4E08-943D-16DFC0EA5DAC}.Release|x86.Build.0 = Release|x86
		{38FA83A5-9391-4A62-B003-C5510B7D92C2}.Debug|Any CPU.ActiveCfg = Debug|Any CPU
		{38FA83A5-9391-4A62-B003-C5510B7D92C2}.Debug|Any CPU.Build.0 = Debug|Any CPU
		{38FA83A5-9391-4A62-B003-C5510B7D92C2}.Debug|x64.ActiveCfg = Debug|x64
		{38FA83A5-9391-4A62-B003-C5510B7D92C2}.Debug|x64.Build.0 = Debug|x64
		{38FA83A5-9391-4A62-B003-C5510B7D92C2}.Debug|x86.ActiveCfg = Debug|x86
		{38FA83A5-9391-4A62-B003-C5510B7D92C2}.Debug|x86.Build.0 = Debug|x86
		{38FA83A5-9391-4A62-B003-C5510B7D92C2}.Release|Any CPU.ActiveCfg = Release|Any CPU
		{38FA83A5-9391-4A62-B003-C5510B7D92C2}.Release|Any CPU.Build.0 = Release|Any CPU
		{38FA83A5-9391-4A62-B003-C5510B7D92C2}.Release|x64.ActiveCfg = Release|x64
		{38FA83A5-9391-4A62-B003-C5510B7D92C2}.Release|x64.Build.0 = Release|x64
		{38FA83A5-9391-4A62-B003-C5510B7D92C2}.Release|x86.ActiveCfg = Release|x86
		{38FA83A5-9391-4A62-B003-C5510B7D92C2}.Release|x86.Build.0 = Release|x86
		{08FB619C-BC55-4D98-BC25-305331053F1A}.Debug|Any CPU.ActiveCfg = Debug|Any CPU
		{08FB619C-BC55-4D98-BC25-305331053F1A}.Debug|Any CPU.Build.0 = Debug|Any CPU
		{08FB619C-BC55-4D98-BC25-305331053F1A}.Debug|x64.ActiveCfg = Debug|x64
		{08FB619C-BC55-4D98-BC25-305331053F1A}.Debug|x64.Build.0 = Debug|x64
		{08FB619C-BC55-4D98-BC25-305331053F1A}.Debug|x86.ActiveCfg = Debug|x86
		{08FB619C-BC55-4D98-BC25-305331053F1A}.Debug|x86.Build.0 = Debug|x86
		{08FB619C-BC55-4D98-BC25-305331053F1A}.Release|Any CPU.ActiveCfg = Release|Any CPU
		{08FB619C-BC55-4D98-BC25-305331053F1A}.Release|Any CPU.Build.0 = Release|Any CPU
		{08FB619C-BC55-4D98-BC25-305331053F1A}.Release|x64.ActiveCfg = Release|x64
		{08FB619C-BC55-4D98-BC25-305331053F1A}.Release|x64.Build.0 = Release|x64
		{08FB619C-BC55-4D98-BC25-305331053F1A}.Release|x86.ActiveCfg = Release|x86
		{08FB619C-BC55-4D98-BC25-305331053F1A}.Release|x86.Build.0 = Release|x86
		{E8006ADC-304C-4535-BB04-3B69749D83AC}.Debug|Any CPU.ActiveCfg = Debug|Any CPU
		{E8006ADC-304C-4535-BB04-3B69749D83AC}.Debug|Any CPU.Build.0 = Debug|Any CPU
		{E8006ADC-304C-4535-BB04-3B69749D83AC}.Debug|x64.ActiveCfg = Debug|x64
		{E8006ADC-304C-4535-BB04-3B69749D83AC}.Debug|x64.Build.0 = Debug|x64
		{E8006ADC-304C-4535-BB04-3B69749D83AC}.Debug|x86.ActiveCfg = Debug|x86
		{E8006ADC-304C-4535-BB04-3B69749D83AC}.Debug|x86.Build.0 = Debug|x86
		{E8006ADC-304C-4535-BB04-3B69749D83AC}.Release|Any CPU.ActiveCfg = Release|Any CPU
		{E8006ADC-304C-4535-BB04-3B69749D83AC}.Release|Any CPU.Build.0 = Release|Any CPU
		{E8006ADC-304C-4535-BB04-3B69749D83AC}.Release|x64.ActiveCfg = Release|x64
		{E8006ADC-304C-4535-BB04-3B69749D83AC}.Release|x64.Build.0 = Release|x64
		{E8006ADC-304C-4535-BB04-3B69749D83AC}.Release|x86.ActiveCfg = Release|x86
		{E8006ADC-304C-4535-BB04-3B69749D83AC}.Release|x86.Build.0 = Release|x86
		{41E995A5-D4B0-4CCF-A68D-19EA63E6D905}.Debug|Any CPU.ActiveCfg = Debug|Any CPU
		{41E995A5-D4B0-4CCF-A68D-19EA63E6D905}.Debug|Any CPU.Build.0 = Debug|Any CPU
		{41E995A5-D4B0-4CCF-A68D-19EA63E6D905}.Debug|x64.ActiveCfg = Debug|x64
		{41E995A5-D4B0-4CCF-A68D-19EA63E6D905}.Debug|x64.Build.0 = Debug|x64
		{41E995A5-D4B0-4CCF-A68D-19EA63E6D905}.Debug|x86.ActiveCfg = Debug|x86
		{41E995A5-D4B0-4CCF-A68D-19EA63E6D905}.Debug|x86.Build.0 = Debug|x86
		{41E995A5-D4B0-4CCF-A68D-19EA63E6D905}.Release|Any CPU.ActiveCfg = Release|Any CPU
		{41E995A5-D4B0-4CCF-A68D-19EA63E6D905}.Release|Any CPU.Build.0 = Release|Any CPU
		{41E995A5-D4B0-4CCF-A68D-19EA63E6D905}.Release|x64.ActiveCfg = Release|x64
		{41E995A5-D4B0-4CCF-A68D-19EA63E6D905}.Release|x64.Build.0 = Release|x64
		{41E995A5-D4B0-4CCF-A68D-19EA63E6D905}.Release|x86.ActiveCfg = Release|x86
		{41E995A5-D4B0-4CCF-A68D-19EA63E6D905}.Release|x86.Build.0 = Release|x86
	EndGlobalSection
EndGlobal
