
Microsoft Visual Studio Solution File, Format Version 12.00
# Visual Studio Version 16
VisualStudioVersion = 16.0.30621.155
MinimumVisualStudioVersion = 15.0.26124.0
Project("{2150E333-8FDC-42A3-9474-1A3956D46DE8}") = "2019", "2019", "{F5336A61-819D-4DBA-A20D-15E3A94A1A00}"
EndProject
Project("{9A19103F-16F7-4668-BE54-9A1E7A4F7556}") = "day01", "2019\day01\day01.csproj", "{34B7933B-6D51-4925-82E5-E4E0C659AB00}"
EndProject
Project("{9A19103F-16F7-4668-BE54-9A1E7A4F7556}") = "day02", "2019\day02\day02.csproj", "{08D99AC6-E65F-44F7-9B52-D3FD59D3133E}"
EndProject
Project("{9A19103F-16F7-4668-BE54-9A1E7A4F7556}") = "day03", "2019\day03\day03.csproj", "{9474017C-0FC6-43FD-9C67-C237E83F8547}"
EndProject
Project("{9A19103F-16F7-4668-BE54-9A1E7A4F7556}") = "day04", "2019\day04\day04.csproj", "{CD6487F5-A868-49B9-8CA5-A6A3A9FD8547}"
EndProject
Project("{9A19103F-16F7-4668-BE54-9A1E7A4F7556}") = "day05", "2019\day05\day05.csproj", "{088DB452-E4C2-4E1F-BD49-9411242EB3E2}"
EndProject
Project("{9A19103F-16F7-4668-BE54-9A1E7A4F7556}") = "day06", "2019\day06\day06.csproj", "{82FF5E26-D0C8-45A8-8499-D4FA9400440E}"
EndProject
Project("{9A19103F-16F7-4668-BE54-9A1E7A4F7556}") = "day07", "2019\day07\day07.csproj", "{C7BF9DA7-A735-41BA-8322-EFA226ECCFFE}"
EndProject
Project("{2150E333-8FDC-42A3-9474-1A3956D46DE8}") = "2017", "2017", "{03D3053B-317D-469C-A34E-A6672E26EA42}"
EndProject
Project("{9A19103F-16F7-4668-BE54-9A1E7A4F7556}") = "day01", "2017\day01\day01.csproj", "{2E17DE1F-E288-4E12-A46D-F50449D87358}"
EndProject
Project("{9A19103F-16F7-4668-BE54-9A1E7A4F7556}") = "day02", "2017\day02\day02.csproj", "{7066335D-C111-44C1-946C-79BBF63779E9}"
EndProject
Project("{9A19103F-16F7-4668-BE54-9A1E7A4F7556}") = "day 3", "2017\day03\day 3.csproj", "{64A28848-5626-4A4F-B5C2-A3959E676EF9}"
EndProject
Project("{9A19103F-16F7-4668-BE54-9A1E7A4F7556}") = "day 4", "2017\day04\day 4.csproj", "{F506ADC0-B0AA-4C2E-A11E-AECA95F5FCEC}"
EndProject
Project("{9A19103F-16F7-4668-BE54-9A1E7A4F7556}") = "day 5", "2017\day05\day 5.csproj", "{A8C07232-1BBA-4B9F-BACB-D914B6D99A45}"
EndProject
Project("{9A19103F-16F7-4668-BE54-9A1E7A4F7556}") = "day 6", "2017\day06\day 6.csproj", "{EB943A29-374B-4E0E-B63E-D98643833EC4}"
EndProject
Project("{9A19103F-16F7-4668-BE54-9A1E7A4F7556}") = "day07", "2017\day07\day07.csproj", "{80200C74-7582-4EBD-9ABF-9ADC451D168B}"
EndProject
Project("{9A19103F-16F7-4668-BE54-9A1E7A4F7556}") = "day 8", "2017\day08\day 8.csproj", "{B1E73ED6-4BBE-49DB-9FAA-45F23A881251}"
EndProject
Project("{9A19103F-16F7-4668-BE54-9A1E7A4F7556}") = "day 9", "2017\day09\day 9.csproj", "{A3D255B3-1BA2-47F0-96CD-A37F22B00296}"
EndProject
Project("{9A19103F-16F7-4668-BE54-9A1E7A4F7556}") = "day10", "2017\day10\day10.csproj", "{453793FD-CF0C-4615-8DB4-8889704D152C}"
EndProject
Project("{9A19103F-16F7-4668-BE54-9A1E7A4F7556}") = "day 11", "2017\day11\day 11.csproj", "{1C28AA1B-4EC4-48ED-AF16-7800C1BFFEBD}"
EndProject
Project("{9A19103F-16F7-4668-BE54-9A1E7A4F7556}") = "day 12", "2017\day12\day 12.csproj", "{B9BB4460-77AC-4343-9256-D44C250188A4}"
EndProject
Project("{9A19103F-16F7-4668-BE54-9A1E7A4F7556}") = "day13", "2017\day13\day13.csproj", "{56167794-A585-47A8-8765-FE5264C1146E}"
EndProject
Project("{9A19103F-16F7-4668-BE54-9A1E7A4F7556}") = "day14", "2017\day14\day14.csproj", "{F47A8A05-962A-45D7-B2BB-40D5C45931C3}"
EndProject
Project("{9A19103F-16F7-4668-BE54-9A1E7A4F7556}") = "day15", "2017\day15\day15.csproj", "{64021844-9F32-4AF9-89CB-5D418CB32297}"
EndProject
Project("{9A19103F-16F7-4668-BE54-9A1E7A4F7556}") = "day16", "2017\day16\day16.csproj", "{02FD57F4-F826-41A5-A769-027B7A0E5546}"
EndProject
Project("{9A19103F-16F7-4668-BE54-9A1E7A4F7556}") = "day17", "2017\day17\day17.csproj", "{2357248A-8CE4-4124-8CD1-CFC5478B4642}"
EndProject
Project("{9A19103F-16F7-4668-BE54-9A1E7A4F7556}") = "day18", "2017\day18\day18.csproj", "{76E4652B-3041-4DB9-B1E6-574CEE86C8D3}"
EndProject
Project("{9A19103F-16F7-4668-BE54-9A1E7A4F7556}") = "day19", "2017\day19\day19.csproj", "{B690088B-FC9E-43D3-AB98-D355C72070D9}"
EndProject
Project("{2150E333-8FDC-42A3-9474-1A3956D46DE8}") = "2018", "2018", "{984D5C11-DF95-4DF5-B69C-8AEFCD00CAE6}"
EndProject
Project("{9A19103F-16F7-4668-BE54-9A1E7A4F7556}") = "day01", "2018\day01\day01.csproj", "{76785F65-021A-43B4-84DB-0B14A0CAF07B}"
EndProject
Project("{9A19103F-16F7-4668-BE54-9A1E7A4F7556}") = "day02", "2018\day02\day02.csproj", "{C6D7E869-9985-4271-A7F8-0AB46F706E10}"
EndProject
Project("{9A19103F-16F7-4668-BE54-9A1E7A4F7556}") = "day03", "2018\day03\day03.csproj", "{BC884FB7-0DE9-450B-9595-3AEC372AB6FB}"
EndProject
Project("{9A19103F-16F7-4668-BE54-9A1E7A4F7556}") = "day04", "2018\day04\day04.csproj", "{4A758B40-D8BA-48F5-9581-113A73B7B93D}"
EndProject
Project("{9A19103F-16F7-4668-BE54-9A1E7A4F7556}") = "day05", "2018\day05\day05.csproj", "{5342FAF9-417B-4CE5-92D6-89E13BCBB2E4}"
EndProject
Project("{9A19103F-16F7-4668-BE54-9A1E7A4F7556}") = "day06", "2018\day06\day06.csproj", "{587D4C69-2F91-4F79-B3A0-A65164DE8636}"
EndProject
Project("{2150E333-8FDC-42A3-9474-1A3956D46DE8}") = "2020", "2020", "{16D095BD-120B-483C-855A-D97507D20CF4}"
EndProject
Project("{9A19103F-16F7-4668-BE54-9A1E7A4F7556}") = "day07", "2020\day07\day07.csproj", "{E8E9D0D6-313F-435E-BE15-296919E61A51}"
EndProject
Project("{9A19103F-16F7-4668-BE54-9A1E7A4F7556}") = "day08", "2020\day08\day08.csproj", "{0BD16CCF-CE40-466D-8F66-550E4ED0CE42}"
EndProject
Project("{9A19103F-16F7-4668-BE54-9A1E7A4F7556}") = "day09", "2020\day09\day09.csproj", "{CE1D3D8D-2053-48D0-BC34-56F43531478F}"
EndProject
Project("{9A19103F-16F7-4668-BE54-9A1E7A4F7556}") = "day10", "2020\day10\day10.csproj", "{3ADAA2FC-5220-4B91-BD34-4B26F8600C1B}"
EndProject
Project("{FAE04EC0-301F-11D3-BF4B-00C04F79EFBC}") = "day11", "2020\day11\day11.csproj", "{95D8C98C-EE8E-43C3-96A3-27A596D19C74}"
EndProject
Global
	GlobalSection(SolutionConfigurationPlatforms) = preSolution
		Debug|Any CPU = Debug|Any CPU
		Debug|x64 = Debug|x64
		Debug|x86 = Debug|x86
		Release|Any CPU = Release|Any CPU
		Release|x64 = Release|x64
		Release|x86 = Release|x86
	EndGlobalSection
	GlobalSection(ProjectConfigurationPlatforms) = postSolution
		{34B7933B-6D51-4925-82E5-E4E0C659AB00}.Debug|Any CPU.ActiveCfg = Debug|Any CPU
		{34B7933B-6D51-4925-82E5-E4E0C659AB00}.Debug|Any CPU.Build.0 = Debug|Any CPU
		{34B7933B-6D51-4925-82E5-E4E0C659AB00}.Debug|x64.ActiveCfg = Debug|Any CPU
		{34B7933B-6D51-4925-82E5-E4E0C659AB00}.Debug|x64.Build.0 = Debug|Any CPU
		{34B7933B-6D51-4925-82E5-E4E0C659AB00}.Debug|x86.ActiveCfg = Debug|Any CPU
		{34B7933B-6D51-4925-82E5-E4E0C659AB00}.Debug|x86.Build.0 = Debug|Any CPU
		{34B7933B-6D51-4925-82E5-E4E0C659AB00}.Release|Any CPU.ActiveCfg = Release|Any CPU
		{34B7933B-6D51-4925-82E5-E4E0C659AB00}.Release|Any CPU.Build.0 = Release|Any CPU
		{34B7933B-6D51-4925-82E5-E4E0C659AB00}.Release|x64.ActiveCfg = Release|Any CPU
		{34B7933B-6D51-4925-82E5-E4E0C659AB00}.Release|x64.Build.0 = Release|Any CPU
		{34B7933B-6D51-4925-82E5-E4E0C659AB00}.Release|x86.ActiveCfg = Release|Any CPU
		{34B7933B-6D51-4925-82E5-E4E0C659AB00}.Release|x86.Build.0 = Release|Any CPU
		{08D99AC6-E65F-44F7-9B52-D3FD59D3133E}.Debug|Any CPU.ActiveCfg = Debug|Any CPU
		{08D99AC6-E65F-44F7-9B52-D3FD59D3133E}.Debug|Any CPU.Build.0 = Debug|Any CPU
		{08D99AC6-E65F-44F7-9B52-D3FD59D3133E}.Debug|x64.ActiveCfg = Debug|Any CPU
		{08D99AC6-E65F-44F7-9B52-D3FD59D3133E}.Debug|x64.Build.0 = Debug|Any CPU
		{08D99AC6-E65F-44F7-9B52-D3FD59D3133E}.Debug|x86.ActiveCfg = Debug|Any CPU
		{08D99AC6-E65F-44F7-9B52-D3FD59D3133E}.Debug|x86.Build.0 = Debug|Any CPU
		{08D99AC6-E65F-44F7-9B52-D3FD59D3133E}.Release|Any CPU.ActiveCfg = Release|Any CPU
		{08D99AC6-E65F-44F7-9B52-D3FD59D3133E}.Release|Any CPU.Build.0 = Release|Any CPU
		{08D99AC6-E65F-44F7-9B52-D3FD59D3133E}.Release|x64.ActiveCfg = Release|Any CPU
		{08D99AC6-E65F-44F7-9B52-D3FD59D3133E}.Release|x64.Build.0 = Release|Any CPU
		{08D99AC6-E65F-44F7-9B52-D3FD59D3133E}.Release|x86.ActiveCfg = Release|Any CPU
		{08D99AC6-E65F-44F7-9B52-D3FD59D3133E}.Release|x86.Build.0 = Release|Any CPU
		{9474017C-0FC6-43FD-9C67-C237E83F8547}.Debug|Any CPU.ActiveCfg = Debug|Any CPU
		{9474017C-0FC6-43FD-9C67-C237E83F8547}.Debug|Any CPU.Build.0 = Debug|Any CPU
		{9474017C-0FC6-43FD-9C67-C237E83F8547}.Debug|x64.ActiveCfg = Debug|Any CPU
		{9474017C-0FC6-43FD-9C67-C237E83F8547}.Debug|x64.Build.0 = Debug|Any CPU
		{9474017C-0FC6-43FD-9C67-C237E83F8547}.Debug|x86.ActiveCfg = Debug|Any CPU
		{9474017C-0FC6-43FD-9C67-C237E83F8547}.Debug|x86.Build.0 = Debug|Any CPU
		{9474017C-0FC6-43FD-9C67-C237E83F8547}.Release|Any CPU.ActiveCfg = Release|Any CPU
		{9474017C-0FC6-43FD-9C67-C237E83F8547}.Release|Any CPU.Build.0 = Release|Any CPU
		{9474017C-0FC6-43FD-9C67-C237E83F8547}.Release|x64.ActiveCfg = Release|Any CPU
		{9474017C-0FC6-43FD-9C67-C237E83F8547}.Release|x64.Build.0 = Release|Any CPU
		{9474017C-0FC6-43FD-9C67-C237E83F8547}.Release|x86.ActiveCfg = Release|Any CPU
		{9474017C-0FC6-43FD-9C67-C237E83F8547}.Release|x86.Build.0 = Release|Any CPU
		{CD6487F5-A868-49B9-8CA5-A6A3A9FD8547}.Debug|Any CPU.ActiveCfg = Debug|Any CPU
		{CD6487F5-A868-49B9-8CA5-A6A3A9FD8547}.Debug|Any CPU.Build.0 = Debug|Any CPU
		{CD6487F5-A868-49B9-8CA5-A6A3A9FD8547}.Debug|x64.ActiveCfg = Debug|Any CPU
		{CD6487F5-A868-49B9-8CA5-A6A3A9FD8547}.Debug|x64.Build.0 = Debug|Any CPU
		{CD6487F5-A868-49B9-8CA5-A6A3A9FD8547}.Debug|x86.ActiveCfg = Debug|Any CPU
		{CD6487F5-A868-49B9-8CA5-A6A3A9FD8547}.Debug|x86.Build.0 = Debug|Any CPU
		{CD6487F5-A868-49B9-8CA5-A6A3A9FD8547}.Release|Any CPU.ActiveCfg = Release|Any CPU
		{CD6487F5-A868-49B9-8CA5-A6A3A9FD8547}.Release|Any CPU.Build.0 = Release|Any CPU
		{CD6487F5-A868-49B9-8CA5-A6A3A9FD8547}.Release|x64.ActiveCfg = Release|Any CPU
		{CD6487F5-A868-49B9-8CA5-A6A3A9FD8547}.Release|x64.Build.0 = Release|Any CPU
		{CD6487F5-A868-49B9-8CA5-A6A3A9FD8547}.Release|x86.ActiveCfg = Release|Any CPU
		{CD6487F5-A868-49B9-8CA5-A6A3A9FD8547}.Release|x86.Build.0 = Release|Any CPU
		{088DB452-E4C2-4E1F-BD49-9411242EB3E2}.Debug|Any CPU.ActiveCfg = Debug|Any CPU
		{088DB452-E4C2-4E1F-BD49-9411242EB3E2}.Debug|Any CPU.Build.0 = Debug|Any CPU
		{088DB452-E4C2-4E1F-BD49-9411242EB3E2}.Debug|x64.ActiveCfg = Debug|Any CPU
		{088DB452-E4C2-4E1F-BD49-9411242EB3E2}.Debug|x64.Build.0 = Debug|Any CPU
		{088DB452-E4C2-4E1F-BD49-9411242EB3E2}.Debug|x86.ActiveCfg = Debug|Any CPU
		{088DB452-E4C2-4E1F-BD49-9411242EB3E2}.Debug|x86.Build.0 = Debug|Any CPU
		{088DB452-E4C2-4E1F-BD49-9411242EB3E2}.Release|Any CPU.ActiveCfg = Release|Any CPU
		{088DB452-E4C2-4E1F-BD49-9411242EB3E2}.Release|Any CPU.Build.0 = Release|Any CPU
		{088DB452-E4C2-4E1F-BD49-9411242EB3E2}.Release|x64.ActiveCfg = Release|Any CPU
		{088DB452-E4C2-4E1F-BD49-9411242EB3E2}.Release|x64.Build.0 = Release|Any CPU
		{088DB452-E4C2-4E1F-BD49-9411242EB3E2}.Release|x86.ActiveCfg = Release|Any CPU
		{088DB452-E4C2-4E1F-BD49-9411242EB3E2}.Release|x86.Build.0 = Release|Any CPU
		{82FF5E26-D0C8-45A8-8499-D4FA9400440E}.Debug|Any CPU.ActiveCfg = Debug|Any CPU
		{82FF5E26-D0C8-45A8-8499-D4FA9400440E}.Debug|Any CPU.Build.0 = Debug|Any CPU
		{82FF5E26-D0C8-45A8-8499-D4FA9400440E}.Debug|x64.ActiveCfg = Debug|Any CPU
		{82FF5E26-D0C8-45A8-8499-D4FA9400440E}.Debug|x64.Build.0 = Debug|Any CPU
		{82FF5E26-D0C8-45A8-8499-D4FA9400440E}.Debug|x86.ActiveCfg = Debug|Any CPU
		{82FF5E26-D0C8-45A8-8499-D4FA9400440E}.Debug|x86.Build.0 = Debug|Any CPU
		{82FF5E26-D0C8-45A8-8499-D4FA9400440E}.Release|Any CPU.ActiveCfg = Release|Any CPU
		{82FF5E26-D0C8-45A8-8499-D4FA9400440E}.Release|Any CPU.Build.0 = Release|Any CPU
		{82FF5E26-D0C8-45A8-8499-D4FA9400440E}.Release|x64.ActiveCfg = Release|Any CPU
		{82FF5E26-D0C8-45A8-8499-D4FA9400440E}.Release|x64.Build.0 = Release|Any CPU
		{82FF5E26-D0C8-45A8-8499-D4FA9400440E}.Release|x86.ActiveCfg = Release|Any CPU
		{82FF5E26-D0C8-45A8-8499-D4FA9400440E}.Release|x86.Build.0 = Release|Any CPU
		{C7BF9DA7-A735-41BA-8322-EFA226ECCFFE}.Debug|Any CPU.ActiveCfg = Debug|Any CPU
		{C7BF9DA7-A735-41BA-8322-EFA226ECCFFE}.Debug|Any CPU.Build.0 = Debug|Any CPU
		{C7BF9DA7-A735-41BA-8322-EFA226ECCFFE}.Debug|x64.ActiveCfg = Debug|Any CPU
		{C7BF9DA7-A735-41BA-8322-EFA226ECCFFE}.Debug|x64.Build.0 = Debug|Any CPU
		{C7BF9DA7-A735-41BA-8322-EFA226ECCFFE}.Debug|x86.ActiveCfg = Debug|Any CPU
		{C7BF9DA7-A735-41BA-8322-EFA226ECCFFE}.Debug|x86.Build.0 = Debug|Any CPU
		{C7BF9DA7-A735-41BA-8322-EFA226ECCFFE}.Release|Any CPU.ActiveCfg = Release|Any CPU
		{C7BF9DA7-A735-41BA-8322-EFA226ECCFFE}.Release|Any CPU.Build.0 = Release|Any CPU
		{C7BF9DA7-A735-41BA-8322-EFA226ECCFFE}.Release|x64.ActiveCfg = Release|Any CPU
		{C7BF9DA7-A735-41BA-8322-EFA226ECCFFE}.Release|x64.Build.0 = Release|Any CPU
		{C7BF9DA7-A735-41BA-8322-EFA226ECCFFE}.Release|x86.ActiveCfg = Release|Any CPU
		{C7BF9DA7-A735-41BA-8322-EFA226ECCFFE}.Release|x86.Build.0 = Release|Any CPU
		{2E17DE1F-E288-4E12-A46D-F50449D87358}.Debug|Any CPU.ActiveCfg = Debug|Any CPU
		{2E17DE1F-E288-4E12-A46D-F50449D87358}.Debug|Any CPU.Build.0 = Debug|Any CPU
		{2E17DE1F-E288-4E12-A46D-F50449D87358}.Debug|x64.ActiveCfg = Debug|Any CPU
		{2E17DE1F-E288-4E12-A46D-F50449D87358}.Debug|x64.Build.0 = Debug|Any CPU
		{2E17DE1F-E288-4E12-A46D-F50449D87358}.Debug|x86.ActiveCfg = Debug|Any CPU
		{2E17DE1F-E288-4E12-A46D-F50449D87358}.Debug|x86.Build.0 = Debug|Any CPU
		{2E17DE1F-E288-4E12-A46D-F50449D87358}.Release|Any CPU.ActiveCfg = Release|Any CPU
		{2E17DE1F-E288-4E12-A46D-F50449D87358}.Release|Any CPU.Build.0 = Release|Any CPU
		{2E17DE1F-E288-4E12-A46D-F50449D87358}.Release|x64.ActiveCfg = Release|Any CPU
		{2E17DE1F-E288-4E12-A46D-F50449D87358}.Release|x64.Build.0 = Release|Any CPU
		{2E17DE1F-E288-4E12-A46D-F50449D87358}.Release|x86.ActiveCfg = Release|Any CPU
		{2E17DE1F-E288-4E12-A46D-F50449D87358}.Release|x86.Build.0 = Release|Any CPU
		{7066335D-C111-44C1-946C-79BBF63779E9}.Debug|Any CPU.ActiveCfg = Debug|Any CPU
		{7066335D-C111-44C1-946C-79BBF63779E9}.Debug|Any CPU.Build.0 = Debug|Any CPU
		{7066335D-C111-44C1-946C-79BBF63779E9}.Debug|x64.ActiveCfg = Debug|Any CPU
		{7066335D-C111-44C1-946C-79BBF63779E9}.Debug|x64.Build.0 = Debug|Any CPU
		{7066335D-C111-44C1-946C-79BBF63779E9}.Debug|x86.ActiveCfg = Debug|Any CPU
		{7066335D-C111-44C1-946C-79BBF63779E9}.Debug|x86.Build.0 = Debug|Any CPU
		{7066335D-C111-44C1-946C-79BBF63779E9}.Release|Any CPU.ActiveCfg = Release|Any CPU
		{7066335D-C111-44C1-946C-79BBF63779E9}.Release|Any CPU.Build.0 = Release|Any CPU
		{7066335D-C111-44C1-946C-79BBF63779E9}.Release|x64.ActiveCfg = Release|Any CPU
		{7066335D-C111-44C1-946C-79BBF63779E9}.Release|x64.Build.0 = Release|Any CPU
		{7066335D-C111-44C1-946C-79BBF63779E9}.Release|x86.ActiveCfg = Release|Any CPU
		{7066335D-C111-44C1-946C-79BBF63779E9}.Release|x86.Build.0 = Release|Any CPU
		{64A28848-5626-4A4F-B5C2-A3959E676EF9}.Debug|Any CPU.ActiveCfg = Debug|Any CPU
		{64A28848-5626-4A4F-B5C2-A3959E676EF9}.Debug|Any CPU.Build.0 = Debug|Any CPU
		{64A28848-5626-4A4F-B5C2-A3959E676EF9}.Debug|x64.ActiveCfg = Debug|Any CPU
		{64A28848-5626-4A4F-B5C2-A3959E676EF9}.Debug|x64.Build.0 = Debug|Any CPU
		{64A28848-5626-4A4F-B5C2-A3959E676EF9}.Debug|x86.ActiveCfg = Debug|Any CPU
		{64A28848-5626-4A4F-B5C2-A3959E676EF9}.Debug|x86.Build.0 = Debug|Any CPU
		{64A28848-5626-4A4F-B5C2-A3959E676EF9}.Release|Any CPU.ActiveCfg = Release|Any CPU
		{64A28848-5626-4A4F-B5C2-A3959E676EF9}.Release|Any CPU.Build.0 = Release|Any CPU
		{64A28848-5626-4A4F-B5C2-A3959E676EF9}.Release|x64.ActiveCfg = Release|Any CPU
		{64A28848-5626-4A4F-B5C2-A3959E676EF9}.Release|x64.Build.0 = Release|Any CPU
		{64A28848-5626-4A4F-B5C2-A3959E676EF9}.Release|x86.ActiveCfg = Release|Any CPU
		{64A28848-5626-4A4F-B5C2-A3959E676EF9}.Release|x86.Build.0 = Release|Any CPU
		{F506ADC0-B0AA-4C2E-A11E-AECA95F5FCEC}.Debug|Any CPU.ActiveCfg = Debug|Any CPU
		{F506ADC0-B0AA-4C2E-A11E-AECA95F5FCEC}.Debug|Any CPU.Build.0 = Debug|Any CPU
		{F506ADC0-B0AA-4C2E-A11E-AECA95F5FCEC}.Debug|x64.ActiveCfg = Debug|Any CPU
		{F506ADC0-B0AA-4C2E-A11E-AECA95F5FCEC}.Debug|x64.Build.0 = Debug|Any CPU
		{F506ADC0-B0AA-4C2E-A11E-AECA95F5FCEC}.Debug|x86.ActiveCfg = Debug|Any CPU
		{F506ADC0-B0AA-4C2E-A11E-AECA95F5FCEC}.Debug|x86.Build.0 = Debug|Any CPU
		{F506ADC0-B0AA-4C2E-A11E-AECA95F5FCEC}.Release|Any CPU.ActiveCfg = Release|Any CPU
		{F506ADC0-B0AA-4C2E-A11E-AECA95F5FCEC}.Release|Any CPU.Build.0 = Release|Any CPU
		{F506ADC0-B0AA-4C2E-A11E-AECA95F5FCEC}.Release|x64.ActiveCfg = Release|Any CPU
		{F506ADC0-B0AA-4C2E-A11E-AECA95F5FCEC}.Release|x64.Build.0 = Release|Any CPU
		{F506ADC0-B0AA-4C2E-A11E-AECA95F5FCEC}.Release|x86.ActiveCfg = Release|Any CPU
		{F506ADC0-B0AA-4C2E-A11E-AECA95F5FCEC}.Release|x86.Build.0 = Release|Any CPU
		{A8C07232-1BBA-4B9F-BACB-D914B6D99A45}.Debug|Any CPU.ActiveCfg = Debug|Any CPU
		{A8C07232-1BBA-4B9F-BACB-D914B6D99A45}.Debug|Any CPU.Build.0 = Debug|Any CPU
		{A8C07232-1BBA-4B9F-BACB-D914B6D99A45}.Debug|x64.ActiveCfg = Debug|Any CPU
		{A8C07232-1BBA-4B9F-BACB-D914B6D99A45}.Debug|x64.Build.0 = Debug|Any CPU
		{A8C07232-1BBA-4B9F-BACB-D914B6D99A45}.Debug|x86.ActiveCfg = Debug|Any CPU
		{A8C07232-1BBA-4B9F-BACB-D914B6D99A45}.Debug|x86.Build.0 = Debug|Any CPU
		{A8C07232-1BBA-4B9F-BACB-D914B6D99A45}.Release|Any CPU.ActiveCfg = Release|Any CPU
		{A8C07232-1BBA-4B9F-BACB-D914B6D99A45}.Release|Any CPU.Build.0 = Release|Any CPU
		{A8C07232-1BBA-4B9F-BACB-D914B6D99A45}.Release|x64.ActiveCfg = Release|Any CPU
		{A8C07232-1BBA-4B9F-BACB-D914B6D99A45}.Release|x64.Build.0 = Release|Any CPU
		{A8C07232-1BBA-4B9F-BACB-D914B6D99A45}.Release|x86.ActiveCfg = Release|Any CPU
		{A8C07232-1BBA-4B9F-BACB-D914B6D99A45}.Release|x86.Build.0 = Release|Any CPU
		{EB943A29-374B-4E0E-B63E-D98643833EC4}.Debug|Any CPU.ActiveCfg = Debug|Any CPU
		{EB943A29-374B-4E0E-B63E-D98643833EC4}.Debug|Any CPU.Build.0 = Debug|Any CPU
		{EB943A29-374B-4E0E-B63E-D98643833EC4}.Debug|x64.ActiveCfg = Debug|Any CPU
		{EB943A29-374B-4E0E-B63E-D98643833EC4}.Debug|x64.Build.0 = Debug|Any CPU
		{EB943A29-374B-4E0E-B63E-D98643833EC4}.Debug|x86.ActiveCfg = Debug|Any CPU
		{EB943A29-374B-4E0E-B63E-D98643833EC4}.Debug|x86.Build.0 = Debug|Any CPU
		{EB943A29-374B-4E0E-B63E-D98643833EC4}.Release|Any CPU.ActiveCfg = Release|Any CPU
		{EB943A29-374B-4E0E-B63E-D98643833EC4}.Release|Any CPU.Build.0 = Release|Any CPU
		{EB943A29-374B-4E0E-B63E-D98643833EC4}.Release|x64.ActiveCfg = Release|Any CPU
		{EB943A29-374B-4E0E-B63E-D98643833EC4}.Release|x64.Build.0 = Release|Any CPU
		{EB943A29-374B-4E0E-B63E-D98643833EC4}.Release|x86.ActiveCfg = Release|Any CPU
		{EB943A29-374B-4E0E-B63E-D98643833EC4}.Release|x86.Build.0 = Release|Any CPU
		{80200C74-7582-4EBD-9ABF-9ADC451D168B}.Debug|Any CPU.ActiveCfg = Debug|Any CPU
		{80200C74-7582-4EBD-9ABF-9ADC451D168B}.Debug|Any CPU.Build.0 = Debug|Any CPU
		{80200C74-7582-4EBD-9ABF-9ADC451D168B}.Debug|x64.ActiveCfg = Debug|Any CPU
		{80200C74-7582-4EBD-9ABF-9ADC451D168B}.Debug|x64.Build.0 = Debug|Any CPU
		{80200C74-7582-4EBD-9ABF-9ADC451D168B}.Debug|x86.ActiveCfg = Debug|Any CPU
		{80200C74-7582-4EBD-9ABF-9ADC451D168B}.Debug|x86.Build.0 = Debug|Any CPU
		{80200C74-7582-4EBD-9ABF-9ADC451D168B}.Release|Any CPU.ActiveCfg = Release|Any CPU
		{80200C74-7582-4EBD-9ABF-9ADC451D168B}.Release|Any CPU.Build.0 = Release|Any CPU
		{80200C74-7582-4EBD-9ABF-9ADC451D168B}.Release|x64.ActiveCfg = Release|Any CPU
		{80200C74-7582-4EBD-9ABF-9ADC451D168B}.Release|x64.Build.0 = Release|Any CPU
		{80200C74-7582-4EBD-9ABF-9ADC451D168B}.Release|x86.ActiveCfg = Release|Any CPU
		{80200C74-7582-4EBD-9ABF-9ADC451D168B}.Release|x86.Build.0 = Release|Any CPU
		{B1E73ED6-4BBE-49DB-9FAA-45F23A881251}.Debug|Any CPU.ActiveCfg = Debug|Any CPU
		{B1E73ED6-4BBE-49DB-9FAA-45F23A881251}.Debug|Any CPU.Build.0 = Debug|Any CPU
		{B1E73ED6-4BBE-49DB-9FAA-45F23A881251}.Debug|x64.ActiveCfg = Debug|Any CPU
		{B1E73ED6-4BBE-49DB-9FAA-45F23A881251}.Debug|x64.Build.0 = Debug|Any CPU
		{B1E73ED6-4BBE-49DB-9FAA-45F23A881251}.Debug|x86.ActiveCfg = Debug|Any CPU
		{B1E73ED6-4BBE-49DB-9FAA-45F23A881251}.Debug|x86.Build.0 = Debug|Any CPU
		{B1E73ED6-4BBE-49DB-9FAA-45F23A881251}.Release|Any CPU.ActiveCfg = Release|Any CPU
		{B1E73ED6-4BBE-49DB-9FAA-45F23A881251}.Release|Any CPU.Build.0 = Release|Any CPU
		{B1E73ED6-4BBE-49DB-9FAA-45F23A881251}.Release|x64.ActiveCfg = Release|Any CPU
		{B1E73ED6-4BBE-49DB-9FAA-45F23A881251}.Release|x64.Build.0 = Release|Any CPU
		{B1E73ED6-4BBE-49DB-9FAA-45F23A881251}.Release|x86.ActiveCfg = Release|Any CPU
		{B1E73ED6-4BBE-49DB-9FAA-45F23A881251}.Release|x86.Build.0 = Release|Any CPU
		{A3D255B3-1BA2-47F0-96CD-A37F22B00296}.Debug|Any CPU.ActiveCfg = Debug|Any CPU
		{A3D255B3-1BA2-47F0-96CD-A37F22B00296}.Debug|Any CPU.Build.0 = Debug|Any CPU
		{A3D255B3-1BA2-47F0-96CD-A37F22B00296}.Debug|x64.ActiveCfg = Debug|Any CPU
		{A3D255B3-1BA2-47F0-96CD-A37F22B00296}.Debug|x64.Build.0 = Debug|Any CPU
		{A3D255B3-1BA2-47F0-96CD-A37F22B00296}.Debug|x86.ActiveCfg = Debug|Any CPU
		{A3D255B3-1BA2-47F0-96CD-A37F22B00296}.Debug|x86.Build.0 = Debug|Any CPU
		{A3D255B3-1BA2-47F0-96CD-A37F22B00296}.Release|Any CPU.ActiveCfg = Release|Any CPU
		{A3D255B3-1BA2-47F0-96CD-A37F22B00296}.Release|Any CPU.Build.0 = Release|Any CPU
		{A3D255B3-1BA2-47F0-96CD-A37F22B00296}.Release|x64.ActiveCfg = Release|Any CPU
		{A3D255B3-1BA2-47F0-96CD-A37F22B00296}.Release|x64.Build.0 = Release|Any CPU
		{A3D255B3-1BA2-47F0-96CD-A37F22B00296}.Release|x86.ActiveCfg = Release|Any CPU
		{A3D255B3-1BA2-47F0-96CD-A37F22B00296}.Release|x86.Build.0 = Release|Any CPU
		{453793FD-CF0C-4615-8DB4-8889704D152C}.Debug|Any CPU.ActiveCfg = Debug|Any CPU
		{453793FD-CF0C-4615-8DB4-8889704D152C}.Debug|Any CPU.Build.0 = Debug|Any CPU
		{453793FD-CF0C-4615-8DB4-8889704D152C}.Debug|x64.ActiveCfg = Debug|Any CPU
		{453793FD-CF0C-4615-8DB4-8889704D152C}.Debug|x64.Build.0 = Debug|Any CPU
		{453793FD-CF0C-4615-8DB4-8889704D152C}.Debug|x86.ActiveCfg = Debug|Any CPU
		{453793FD-CF0C-4615-8DB4-8889704D152C}.Debug|x86.Build.0 = Debug|Any CPU
		{453793FD-CF0C-4615-8DB4-8889704D152C}.Release|Any CPU.ActiveCfg = Release|Any CPU
		{453793FD-CF0C-4615-8DB4-8889704D152C}.Release|Any CPU.Build.0 = Release|Any CPU
		{453793FD-CF0C-4615-8DB4-8889704D152C}.Release|x64.ActiveCfg = Release|Any CPU
		{453793FD-CF0C-4615-8DB4-8889704D152C}.Release|x64.Build.0 = Release|Any CPU
		{453793FD-CF0C-4615-8DB4-8889704D152C}.Release|x86.ActiveCfg = Release|Any CPU
		{453793FD-CF0C-4615-8DB4-8889704D152C}.Release|x86.Build.0 = Release|Any CPU
		{1C28AA1B-4EC4-48ED-AF16-7800C1BFFEBD}.Debug|Any CPU.ActiveCfg = Debug|Any CPU
		{1C28AA1B-4EC4-48ED-AF16-7800C1BFFEBD}.Debug|Any CPU.Build.0 = Debug|Any CPU
		{1C28AA1B-4EC4-48ED-AF16-7800C1BFFEBD}.Debug|x64.ActiveCfg = Debug|Any CPU
		{1C28AA1B-4EC4-48ED-AF16-7800C1BFFEBD}.Debug|x64.Build.0 = Debug|Any CPU
		{1C28AA1B-4EC4-48ED-AF16-7800C1BFFEBD}.Debug|x86.ActiveCfg = Debug|Any CPU
		{1C28AA1B-4EC4-48ED-AF16-7800C1BFFEBD}.Debug|x86.Build.0 = Debug|Any CPU
		{1C28AA1B-4EC4-48ED-AF16-7800C1BFFEBD}.Release|Any CPU.ActiveCfg = Release|Any CPU
		{1C28AA1B-4EC4-48ED-AF16-7800C1BFFEBD}.Release|Any CPU.Build.0 = Release|Any CPU
		{1C28AA1B-4EC4-48ED-AF16-7800C1BFFEBD}.Release|x64.ActiveCfg = Release|Any CPU
		{1C28AA1B-4EC4-48ED-AF16-7800C1BFFEBD}.Release|x64.Build.0 = Release|Any CPU
		{1C28AA1B-4EC4-48ED-AF16-7800C1BFFEBD}.Release|x86.ActiveCfg = Release|Any CPU
		{1C28AA1B-4EC4-48ED-AF16-7800C1BFFEBD}.Release|x86.Build.0 = Release|Any CPU
		{B9BB4460-77AC-4343-9256-D44C250188A4}.Debug|Any CPU.ActiveCfg = Debug|Any CPU
		{B9BB4460-77AC-4343-9256-D44C250188A4}.Debug|Any CPU.Build.0 = Debug|Any CPU
		{B9BB4460-77AC-4343-9256-D44C250188A4}.Debug|x64.ActiveCfg = Debug|Any CPU
		{B9BB4460-77AC-4343-9256-D44C250188A4}.Debug|x64.Build.0 = Debug|Any CPU
		{B9BB4460-77AC-4343-9256-D44C250188A4}.Debug|x86.ActiveCfg = Debug|Any CPU
		{B9BB4460-77AC-4343-9256-D44C250188A4}.Debug|x86.Build.0 = Debug|Any CPU
		{B9BB4460-77AC-4343-9256-D44C250188A4}.Release|Any CPU.ActiveCfg = Release|Any CPU
		{B9BB4460-77AC-4343-9256-D44C250188A4}.Release|Any CPU.Build.0 = Release|Any CPU
		{B9BB4460-77AC-4343-9256-D44C250188A4}.Release|x64.ActiveCfg = Release|Any CPU
		{B9BB4460-77AC-4343-9256-D44C250188A4}.Release|x64.Build.0 = Release|Any CPU
		{B9BB4460-77AC-4343-9256-D44C250188A4}.Release|x86.ActiveCfg = Release|Any CPU
		{B9BB4460-77AC-4343-9256-D44C250188A4}.Release|x86.Build.0 = Release|Any CPU
		{56167794-A585-47A8-8765-FE5264C1146E}.Debug|Any CPU.ActiveCfg = Debug|Any CPU
		{56167794-A585-47A8-8765-FE5264C1146E}.Debug|Any CPU.Build.0 = Debug|Any CPU
		{56167794-A585-47A8-8765-FE5264C1146E}.Debug|x64.ActiveCfg = Debug|Any CPU
		{56167794-A585-47A8-8765-FE5264C1146E}.Debug|x64.Build.0 = Debug|Any CPU
		{56167794-A585-47A8-8765-FE5264C1146E}.Debug|x86.ActiveCfg = Debug|Any CPU
		{56167794-A585-47A8-8765-FE5264C1146E}.Debug|x86.Build.0 = Debug|Any CPU
		{56167794-A585-47A8-8765-FE5264C1146E}.Release|Any CPU.ActiveCfg = Release|Any CPU
		{56167794-A585-47A8-8765-FE5264C1146E}.Release|Any CPU.Build.0 = Release|Any CPU
		{56167794-A585-47A8-8765-FE5264C1146E}.Release|x64.ActiveCfg = Release|Any CPU
		{56167794-A585-47A8-8765-FE5264C1146E}.Release|x64.Build.0 = Release|Any CPU
		{56167794-A585-47A8-8765-FE5264C1146E}.Release|x86.ActiveCfg = Release|Any CPU
		{56167794-A585-47A8-8765-FE5264C1146E}.Release|x86.Build.0 = Release|Any CPU
		{F47A8A05-962A-45D7-B2BB-40D5C45931C3}.Debug|Any CPU.ActiveCfg = Debug|Any CPU
		{F47A8A05-962A-45D7-B2BB-40D5C45931C3}.Debug|Any CPU.Build.0 = Debug|Any CPU
		{F47A8A05-962A-45D7-B2BB-40D5C45931C3}.Debug|x64.ActiveCfg = Debug|Any CPU
		{F47A8A05-962A-45D7-B2BB-40D5C45931C3}.Debug|x64.Build.0 = Debug|Any CPU
		{F47A8A05-962A-45D7-B2BB-40D5C45931C3}.Debug|x86.ActiveCfg = Debug|Any CPU
		{F47A8A05-962A-45D7-B2BB-40D5C45931C3}.Debug|x86.Build.0 = Debug|Any CPU
		{F47A8A05-962A-45D7-B2BB-40D5C45931C3}.Release|Any CPU.ActiveCfg = Release|Any CPU
		{F47A8A05-962A-45D7-B2BB-40D5C45931C3}.Release|Any CPU.Build.0 = Release|Any CPU
		{F47A8A05-962A-45D7-B2BB-40D5C45931C3}.Release|x64.ActiveCfg = Release|Any CPU
		{F47A8A05-962A-45D7-B2BB-40D5C45931C3}.Release|x64.Build.0 = Release|Any CPU
		{F47A8A05-962A-45D7-B2BB-40D5C45931C3}.Release|x86.ActiveCfg = Release|Any CPU
		{F47A8A05-962A-45D7-B2BB-40D5C45931C3}.Release|x86.Build.0 = Release|Any CPU
		{64021844-9F32-4AF9-89CB-5D418CB32297}.Debug|Any CPU.ActiveCfg = Debug|Any CPU
		{64021844-9F32-4AF9-89CB-5D418CB32297}.Debug|Any CPU.Build.0 = Debug|Any CPU
		{64021844-9F32-4AF9-89CB-5D418CB32297}.Debug|x64.ActiveCfg = Debug|Any CPU
		{64021844-9F32-4AF9-89CB-5D418CB32297}.Debug|x64.Build.0 = Debug|Any CPU
		{64021844-9F32-4AF9-89CB-5D418CB32297}.Debug|x86.ActiveCfg = Debug|Any CPU
		{64021844-9F32-4AF9-89CB-5D418CB32297}.Debug|x86.Build.0 = Debug|Any CPU
		{64021844-9F32-4AF9-89CB-5D418CB32297}.Release|Any CPU.ActiveCfg = Release|Any CPU
		{64021844-9F32-4AF9-89CB-5D418CB32297}.Release|Any CPU.Build.0 = Release|Any CPU
		{64021844-9F32-4AF9-89CB-5D418CB32297}.Release|x64.ActiveCfg = Release|Any CPU
		{64021844-9F32-4AF9-89CB-5D418CB32297}.Release|x64.Build.0 = Release|Any CPU
		{64021844-9F32-4AF9-89CB-5D418CB32297}.Release|x86.ActiveCfg = Release|Any CPU
		{64021844-9F32-4AF9-89CB-5D418CB32297}.Release|x86.Build.0 = Release|Any CPU
		{02FD57F4-F826-41A5-A769-027B7A0E5546}.Debug|Any CPU.ActiveCfg = Debug|Any CPU
		{02FD57F4-F826-41A5-A769-027B7A0E5546}.Debug|Any CPU.Build.0 = Debug|Any CPU
		{02FD57F4-F826-41A5-A769-027B7A0E5546}.Debug|x64.ActiveCfg = Debug|Any CPU
		{02FD57F4-F826-41A5-A769-027B7A0E5546}.Debug|x64.Build.0 = Debug|Any CPU
		{02FD57F4-F826-41A5-A769-027B7A0E5546}.Debug|x86.ActiveCfg = Debug|Any CPU
		{02FD57F4-F826-41A5-A769-027B7A0E5546}.Debug|x86.Build.0 = Debug|Any CPU
		{02FD57F4-F826-41A5-A769-027B7A0E5546}.Release|Any CPU.ActiveCfg = Release|Any CPU
		{02FD57F4-F826-41A5-A769-027B7A0E5546}.Release|Any CPU.Build.0 = Release|Any CPU
		{02FD57F4-F826-41A5-A769-027B7A0E5546}.Release|x64.ActiveCfg = Release|Any CPU
		{02FD57F4-F826-41A5-A769-027B7A0E5546}.Release|x64.Build.0 = Release|Any CPU
		{02FD57F4-F826-41A5-A769-027B7A0E5546}.Release|x86.ActiveCfg = Release|Any CPU
		{02FD57F4-F826-41A5-A769-027B7A0E5546}.Release|x86.Build.0 = Release|Any CPU
		{2357248A-8CE4-4124-8CD1-CFC5478B4642}.Debug|Any CPU.ActiveCfg = Debug|Any CPU
		{2357248A-8CE4-4124-8CD1-CFC5478B4642}.Debug|Any CPU.Build.0 = Debug|Any CPU
		{2357248A-8CE4-4124-8CD1-CFC5478B4642}.Debug|x64.ActiveCfg = Debug|Any CPU
		{2357248A-8CE4-4124-8CD1-CFC5478B4642}.Debug|x64.Build.0 = Debug|Any CPU
		{2357248A-8CE4-4124-8CD1-CFC5478B4642}.Debug|x86.ActiveCfg = Debug|Any CPU
		{2357248A-8CE4-4124-8CD1-CFC5478B4642}.Debug|x86.Build.0 = Debug|Any CPU
		{2357248A-8CE4-4124-8CD1-CFC5478B4642}.Release|Any CPU.ActiveCfg = Release|Any CPU
		{2357248A-8CE4-4124-8CD1-CFC5478B4642}.Release|Any CPU.Build.0 = Release|Any CPU
		{2357248A-8CE4-4124-8CD1-CFC5478B4642}.Release|x64.ActiveCfg = Release|Any CPU
		{2357248A-8CE4-4124-8CD1-CFC5478B4642}.Release|x64.Build.0 = Release|Any CPU
		{2357248A-8CE4-4124-8CD1-CFC5478B4642}.Release|x86.ActiveCfg = Release|Any CPU
		{2357248A-8CE4-4124-8CD1-CFC5478B4642}.Release|x86.Build.0 = Release|Any CPU
		{76E4652B-3041-4DB9-B1E6-574CEE86C8D3}.Debug|Any CPU.ActiveCfg = Debug|Any CPU
		{76E4652B-3041-4DB9-B1E6-574CEE86C8D3}.Debug|Any CPU.Build.0 = Debug|Any CPU
		{76E4652B-3041-4DB9-B1E6-574CEE86C8D3}.Debug|x64.ActiveCfg = Debug|Any CPU
		{76E4652B-3041-4DB9-B1E6-574CEE86C8D3}.Debug|x64.Build.0 = Debug|Any CPU
		{76E4652B-3041-4DB9-B1E6-574CEE86C8D3}.Debug|x86.ActiveCfg = Debug|Any CPU
		{76E4652B-3041-4DB9-B1E6-574CEE86C8D3}.Debug|x86.Build.0 = Debug|Any CPU
		{76E4652B-3041-4DB9-B1E6-574CEE86C8D3}.Release|Any CPU.ActiveCfg = Release|Any CPU
		{76E4652B-3041-4DB9-B1E6-574CEE86C8D3}.Release|Any CPU.Build.0 = Release|Any CPU
		{76E4652B-3041-4DB9-B1E6-574CEE86C8D3}.Release|x64.ActiveCfg = Release|Any CPU
		{76E4652B-3041-4DB9-B1E6-574CEE86C8D3}.Release|x64.Build.0 = Release|Any CPU
		{76E4652B-3041-4DB9-B1E6-574CEE86C8D3}.Release|x86.ActiveCfg = Release|Any CPU
		{76E4652B-3041-4DB9-B1E6-574CEE86C8D3}.Release|x86.Build.0 = Release|Any CPU
		{B690088B-FC9E-43D3-AB98-D355C72070D9}.Debug|Any CPU.ActiveCfg = Debug|Any CPU
		{B690088B-FC9E-43D3-AB98-D355C72070D9}.Debug|Any CPU.Build.0 = Debug|Any CPU
		{B690088B-FC9E-43D3-AB98-D355C72070D9}.Debug|x64.ActiveCfg = Debug|Any CPU
		{B690088B-FC9E-43D3-AB98-D355C72070D9}.Debug|x64.Build.0 = Debug|Any CPU
		{B690088B-FC9E-43D3-AB98-D355C72070D9}.Debug|x86.ActiveCfg = Debug|Any CPU
		{B690088B-FC9E-43D3-AB98-D355C72070D9}.Debug|x86.Build.0 = Debug|Any CPU
		{B690088B-FC9E-43D3-AB98-D355C72070D9}.Release|Any CPU.ActiveCfg = Release|Any CPU
		{B690088B-FC9E-43D3-AB98-D355C72070D9}.Release|Any CPU.Build.0 = Release|Any CPU
		{B690088B-FC9E-43D3-AB98-D355C72070D9}.Release|x64.ActiveCfg = Release|Any CPU
		{B690088B-FC9E-43D3-AB98-D355C72070D9}.Release|x64.Build.0 = Release|Any CPU
		{B690088B-FC9E-43D3-AB98-D355C72070D9}.Release|x86.ActiveCfg = Release|Any CPU
		{B690088B-FC9E-43D3-AB98-D355C72070D9}.Release|x86.Build.0 = Release|Any CPU
		{76785F65-021A-43B4-84DB-0B14A0CAF07B}.Debug|Any CPU.ActiveCfg = Debug|Any CPU
		{76785F65-021A-43B4-84DB-0B14A0CAF07B}.Debug|Any CPU.Build.0 = Debug|Any CPU
		{76785F65-021A-43B4-84DB-0B14A0CAF07B}.Debug|x64.ActiveCfg = Debug|Any CPU
		{76785F65-021A-43B4-84DB-0B14A0CAF07B}.Debug|x64.Build.0 = Debug|Any CPU
		{76785F65-021A-43B4-84DB-0B14A0CAF07B}.Debug|x86.ActiveCfg = Debug|Any CPU
		{76785F65-021A-43B4-84DB-0B14A0CAF07B}.Debug|x86.Build.0 = Debug|Any CPU
		{76785F65-021A-43B4-84DB-0B14A0CAF07B}.Release|Any CPU.ActiveCfg = Release|Any CPU
		{76785F65-021A-43B4-84DB-0B14A0CAF07B}.Release|Any CPU.Build.0 = Release|Any CPU
		{76785F65-021A-43B4-84DB-0B14A0CAF07B}.Release|x64.ActiveCfg = Release|Any CPU
		{76785F65-021A-43B4-84DB-0B14A0CAF07B}.Release|x64.Build.0 = Release|Any CPU
		{76785F65-021A-43B4-84DB-0B14A0CAF07B}.Release|x86.ActiveCfg = Release|Any CPU
		{76785F65-021A-43B4-84DB-0B14A0CAF07B}.Release|x86.Build.0 = Release|Any CPU
		{C6D7E869-9985-4271-A7F8-0AB46F706E10}.Debug|Any CPU.ActiveCfg = Debug|Any CPU
		{C6D7E869-9985-4271-A7F8-0AB46F706E10}.Debug|Any CPU.Build.0 = Debug|Any CPU
		{C6D7E869-9985-4271-A7F8-0AB46F706E10}.Debug|x64.ActiveCfg = Debug|Any CPU
		{C6D7E869-9985-4271-A7F8-0AB46F706E10}.Debug|x64.Build.0 = Debug|Any CPU
		{C6D7E869-9985-4271-A7F8-0AB46F706E10}.Debug|x86.ActiveCfg = Debug|Any CPU
		{C6D7E869-9985-4271-A7F8-0AB46F706E10}.Debug|x86.Build.0 = Debug|Any CPU
		{C6D7E869-9985-4271-A7F8-0AB46F706E10}.Release|Any CPU.ActiveCfg = Release|Any CPU
		{C6D7E869-9985-4271-A7F8-0AB46F706E10}.Release|Any CPU.Build.0 = Release|Any CPU
		{C6D7E869-9985-4271-A7F8-0AB46F706E10}.Release|x64.ActiveCfg = Release|Any CPU
		{C6D7E869-9985-4271-A7F8-0AB46F706E10}.Release|x64.Build.0 = Release|Any CPU
		{C6D7E869-9985-4271-A7F8-0AB46F706E10}.Release|x86.ActiveCfg = Release|Any CPU
		{C6D7E869-9985-4271-A7F8-0AB46F706E10}.Release|x86.Build.0 = Release|Any CPU
		{BC884FB7-0DE9-450B-9595-3AEC372AB6FB}.Debug|Any CPU.ActiveCfg = Debug|Any CPU
		{BC884FB7-0DE9-450B-9595-3AEC372AB6FB}.Debug|Any CPU.Build.0 = Debug|Any CPU
		{BC884FB7-0DE9-450B-9595-3AEC372AB6FB}.Debug|x64.ActiveCfg = Debug|Any CPU
		{BC884FB7-0DE9-450B-9595-3AEC372AB6FB}.Debug|x64.Build.0 = Debug|Any CPU
		{BC884FB7-0DE9-450B-9595-3AEC372AB6FB}.Debug|x86.ActiveCfg = Debug|Any CPU
		{BC884FB7-0DE9-450B-9595-3AEC372AB6FB}.Debug|x86.Build.0 = Debug|Any CPU
		{BC884FB7-0DE9-450B-9595-3AEC372AB6FB}.Release|Any CPU.ActiveCfg = Release|Any CPU
		{BC884FB7-0DE9-450B-9595-3AEC372AB6FB}.Release|Any CPU.Build.0 = Release|Any CPU
		{BC884FB7-0DE9-450B-9595-3AEC372AB6FB}.Release|x64.ActiveCfg = Release|Any CPU
		{BC884FB7-0DE9-450B-9595-3AEC372AB6FB}.Release|x64.Build.0 = Release|Any CPU
		{BC884FB7-0DE9-450B-9595-3AEC372AB6FB}.Release|x86.ActiveCfg = Release|Any CPU
		{BC884FB7-0DE9-450B-9595-3AEC372AB6FB}.Release|x86.Build.0 = Release|Any CPU
		{4A758B40-D8BA-48F5-9581-113A73B7B93D}.Debug|Any CPU.ActiveCfg = Debug|Any CPU
		{4A758B40-D8BA-48F5-9581-113A73B7B93D}.Debug|Any CPU.Build.0 = Debug|Any CPU
		{4A758B40-D8BA-48F5-9581-113A73B7B93D}.Debug|x64.ActiveCfg = Debug|Any CPU
		{4A758B40-D8BA-48F5-9581-113A73B7B93D}.Debug|x64.Build.0 = Debug|Any CPU
		{4A758B40-D8BA-48F5-9581-113A73B7B93D}.Debug|x86.ActiveCfg = Debug|Any CPU
		{4A758B40-D8BA-48F5-9581-113A73B7B93D}.Debug|x86.Build.0 = Debug|Any CPU
		{4A758B40-D8BA-48F5-9581-113A73B7B93D}.Release|Any CPU.ActiveCfg = Release|Any CPU
		{4A758B40-D8BA-48F5-9581-113A73B7B93D}.Release|Any CPU.Build.0 = Release|Any CPU
		{4A758B40-D8BA-48F5-9581-113A73B7B93D}.Release|x64.ActiveCfg = Release|Any CPU
		{4A758B40-D8BA-48F5-9581-113A73B7B93D}.Release|x64.Build.0 = Release|Any CPU
		{4A758B40-D8BA-48F5-9581-113A73B7B93D}.Release|x86.ActiveCfg = Release|Any CPU
		{4A758B40-D8BA-48F5-9581-113A73B7B93D}.Release|x86.Build.0 = Release|Any CPU
		{5342FAF9-417B-4CE5-92D6-89E13BCBB2E4}.Debug|Any CPU.ActiveCfg = Debug|Any CPU
		{5342FAF9-417B-4CE5-92D6-89E13BCBB2E4}.Debug|Any CPU.Build.0 = Debug|Any CPU
		{5342FAF9-417B-4CE5-92D6-89E13BCBB2E4}.Debug|x64.ActiveCfg = Debug|Any CPU
		{5342FAF9-417B-4CE5-92D6-89E13BCBB2E4}.Debug|x64.Build.0 = Debug|Any CPU
		{5342FAF9-417B-4CE5-92D6-89E13BCBB2E4}.Debug|x86.ActiveCfg = Debug|Any CPU
		{5342FAF9-417B-4CE5-92D6-89E13BCBB2E4}.Debug|x86.Build.0 = Debug|Any CPU
		{5342FAF9-417B-4CE5-92D6-89E13BCBB2E4}.Release|Any CPU.ActiveCfg = Release|Any CPU
		{5342FAF9-417B-4CE5-92D6-89E13BCBB2E4}.Release|Any CPU.Build.0 = Release|Any CPU
		{5342FAF9-417B-4CE5-92D6-89E13BCBB2E4}.Release|x64.ActiveCfg = Release|Any CPU
		{5342FAF9-417B-4CE5-92D6-89E13BCBB2E4}.Release|x64.Build.0 = Release|Any CPU
		{5342FAF9-417B-4CE5-92D6-89E13BCBB2E4}.Release|x86.ActiveCfg = Release|Any CPU
		{5342FAF9-417B-4CE5-92D6-89E13BCBB2E4}.Release|x86.Build.0 = Release|Any CPU
		{587D4C69-2F91-4F79-B3A0-A65164DE8636}.Debug|Any CPU.ActiveCfg = Debug|Any CPU
		{587D4C69-2F91-4F79-B3A0-A65164DE8636}.Debug|Any CPU.Build.0 = Debug|Any CPU
		{587D4C69-2F91-4F79-B3A0-A65164DE8636}.Debug|x64.ActiveCfg = Debug|Any CPU
		{587D4C69-2F91-4F79-B3A0-A65164DE8636}.Debug|x64.Build.0 = Debug|Any CPU
		{587D4C69-2F91-4F79-B3A0-A65164DE8636}.Debug|x86.ActiveCfg = Debug|Any CPU
		{587D4C69-2F91-4F79-B3A0-A65164DE8636}.Debug|x86.Build.0 = Debug|Any CPU
		{587D4C69-2F91-4F79-B3A0-A65164DE8636}.Release|Any CPU.ActiveCfg = Release|Any CPU
		{587D4C69-2F91-4F79-B3A0-A65164DE8636}.Release|Any CPU.Build.0 = Release|Any CPU
		{587D4C69-2F91-4F79-B3A0-A65164DE8636}.Release|x64.ActiveCfg = Release|Any CPU
		{587D4C69-2F91-4F79-B3A0-A65164DE8636}.Release|x64.Build.0 = Release|Any CPU
		{587D4C69-2F91-4F79-B3A0-A65164DE8636}.Release|x86.ActiveCfg = Release|Any CPU
		{587D4C69-2F91-4F79-B3A0-A65164DE8636}.Release|x86.Build.0 = Release|Any CPU
		{E8E9D0D6-313F-435E-BE15-296919E61A51}.Debug|Any CPU.ActiveCfg = Debug|Any CPU
		{E8E9D0D6-313F-435E-BE15-296919E61A51}.Debug|Any CPU.Build.0 = Debug|Any CPU
		{E8E9D0D6-313F-435E-BE15-296919E61A51}.Debug|x64.ActiveCfg = Debug|Any CPU
		{E8E9D0D6-313F-435E-BE15-296919E61A51}.Debug|x64.Build.0 = Debug|Any CPU
		{E8E9D0D6-313F-435E-BE15-296919E61A51}.Debug|x86.ActiveCfg = Debug|Any CPU
		{E8E9D0D6-313F-435E-BE15-296919E61A51}.Debug|x86.Build.0 = Debug|Any CPU
		{E8E9D0D6-313F-435E-BE15-296919E61A51}.Release|Any CPU.ActiveCfg = Release|Any CPU
		{E8E9D0D6-313F-435E-BE15-296919E61A51}.Release|Any CPU.Build.0 = Release|Any CPU
		{E8E9D0D6-313F-435E-BE15-296919E61A51}.Release|x64.ActiveCfg = Release|Any CPU
		{E8E9D0D6-313F-435E-BE15-296919E61A51}.Release|x64.Build.0 = Release|Any CPU
		{E8E9D0D6-313F-435E-BE15-296919E61A51}.Release|x86.ActiveCfg = Release|Any CPU
		{E8E9D0D6-313F-435E-BE15-296919E61A51}.Release|x86.Build.0 = Release|Any CPU
		{0BD16CCF-CE40-466D-8F66-550E4ED0CE42}.Debug|Any CPU.ActiveCfg = Debug|Any CPU
		{0BD16CCF-CE40-466D-8F66-550E4ED0CE42}.Debug|Any CPU.Build.0 = Debug|Any CPU
		{0BD16CCF-CE40-466D-8F66-550E4ED0CE42}.Debug|x64.ActiveCfg = Debug|Any CPU
		{0BD16CCF-CE40-466D-8F66-550E4ED0CE42}.Debug|x64.Build.0 = Debug|Any CPU
		{0BD16CCF-CE40-466D-8F66-550E4ED0CE42}.Debug|x86.ActiveCfg = Debug|Any CPU
		{0BD16CCF-CE40-466D-8F66-550E4ED0CE42}.Debug|x86.Build.0 = Debug|Any CPU
		{0BD16CCF-CE40-466D-8F66-550E4ED0CE42}.Release|Any CPU.ActiveCfg = Release|Any CPU
		{0BD16CCF-CE40-466D-8F66-550E4ED0CE42}.Release|Any CPU.Build.0 = Release|Any CPU
		{0BD16CCF-CE40-466D-8F66-550E4ED0CE42}.Release|x64.ActiveCfg = Release|Any CPU
		{0BD16CCF-CE40-466D-8F66-550E4ED0CE42}.Release|x64.Build.0 = Release|Any CPU
		{0BD16CCF-CE40-466D-8F66-550E4ED0CE42}.Release|x86.ActiveCfg = Release|Any CPU
		{0BD16CCF-CE40-466D-8F66-550E4ED0CE42}.Release|x86.Build.0 = Release|Any CPU
		{CE1D3D8D-2053-48D0-BC34-56F43531478F}.Debug|Any CPU.ActiveCfg = Debug|Any CPU
		{CE1D3D8D-2053-48D0-BC34-56F43531478F}.Debug|Any CPU.Build.0 = Debug|Any CPU
		{CE1D3D8D-2053-48D0-BC34-56F43531478F}.Debug|x64.ActiveCfg = Debug|Any CPU
		{CE1D3D8D-2053-48D0-BC34-56F43531478F}.Debug|x64.Build.0 = Debug|Any CPU
		{CE1D3D8D-2053-48D0-BC34-56F43531478F}.Debug|x86.ActiveCfg = Debug|Any CPU
		{CE1D3D8D-2053-48D0-BC34-56F43531478F}.Debug|x86.Build.0 = Debug|Any CPU
		{CE1D3D8D-2053-48D0-BC34-56F43531478F}.Release|Any CPU.ActiveCfg = Release|Any CPU
		{CE1D3D8D-2053-48D0-BC34-56F43531478F}.Release|Any CPU.Build.0 = Release|Any CPU
		{CE1D3D8D-2053-48D0-BC34-56F43531478F}.Release|x64.ActiveCfg = Release|Any CPU
		{CE1D3D8D-2053-48D0-BC34-56F43531478F}.Release|x64.Build.0 = Release|Any CPU
		{CE1D3D8D-2053-48D0-BC34-56F43531478F}.Release|x86.ActiveCfg = Release|Any CPU
		{CE1D3D8D-2053-48D0-BC34-56F43531478F}.Release|x86.Build.0 = Release|Any CPU
		{3ADAA2FC-5220-4B91-BD34-4B26F8600C1B}.Debug|Any CPU.ActiveCfg = Debug|Any CPU
		{3ADAA2FC-5220-4B91-BD34-4B26F8600C1B}.Debug|Any CPU.Build.0 = Debug|Any CPU
		{3ADAA2FC-5220-4B91-BD34-4B26F8600C1B}.Debug|x64.ActiveCfg = Debug|Any CPU
		{3ADAA2FC-5220-4B91-BD34-4B26F8600C1B}.Debug|x64.Build.0 = Debug|Any CPU
		{3ADAA2FC-5220-4B91-BD34-4B26F8600C1B}.Debug|x86.ActiveCfg = Debug|Any CPU
		{3ADAA2FC-5220-4B91-BD34-4B26F8600C1B}.Debug|x86.Build.0 = Debug|Any CPU
		{3ADAA2FC-5220-4B91-BD34-4B26F8600C1B}.Release|Any CPU.ActiveCfg = Release|Any CPU
		{3ADAA2FC-5220-4B91-BD34-4B26F8600C1B}.Release|Any CPU.Build.0 = Release|Any CPU
		{3ADAA2FC-5220-4B91-BD34-4B26F8600C1B}.Release|x64.ActiveCfg = Release|Any CPU
		{3ADAA2FC-5220-4B91-BD34-4B26F8600C1B}.Release|x64.Build.0 = Release|Any CPU
		{3ADAA2FC-5220-4B91-BD34-4B26F8600C1B}.Release|x86.ActiveCfg = Release|Any CPU
		{3ADAA2FC-5220-4B91-BD34-4B26F8600C1B}.Release|x86.Build.0 = Release|Any CPU
		{95D8C98C-EE8E-43C3-96A3-27A596D19C74}.Debug|Any CPU.ActiveCfg = Debug|Any CPU
		{95D8C98C-EE8E-43C3-96A3-27A596D19C74}.Debug|Any CPU.Build.0 = Debug|Any CPU
		{95D8C98C-EE8E-43C3-96A3-27A596D19C74}.Debug|x64.ActiveCfg = Debug|Any CPU
		{95D8C98C-EE8E-43C3-96A3-27A596D19C74}.Debug|x64.Build.0 = Debug|Any CPU
		{95D8C98C-EE8E-43C3-96A3-27A596D19C74}.Debug|x86.ActiveCfg = Debug|Any CPU
		{95D8C98C-EE8E-43C3-96A3-27A596D19C74}.Debug|x86.Build.0 = Debug|Any CPU
		{95D8C98C-EE8E-43C3-96A3-27A596D19C74}.Release|Any CPU.ActiveCfg = Release|Any CPU
		{95D8C98C-EE8E-43C3-96A3-27A596D19C74}.Release|Any CPU.Build.0 = Release|Any CPU
		{95D8C98C-EE8E-43C3-96A3-27A596D19C74}.Release|x64.ActiveCfg = Release|Any CPU
		{95D8C98C-EE8E-43C3-96A3-27A596D19C74}.Release|x64.Build.0 = Release|Any CPU
		{95D8C98C-EE8E-43C3-96A3-27A596D19C74}.Release|x86.ActiveCfg = Release|Any CPU
		{95D8C98C-EE8E-43C3-96A3-27A596D19C74}.Release|x86.Build.0 = Release|Any CPU
	EndGlobalSection
	GlobalSection(SolutionProperties) = preSolution
		HideSolutionNode = FALSE
	EndGlobalSection
	GlobalSection(NestedProjects) = preSolution
		{34B7933B-6D51-4925-82E5-E4E0C659AB00} = {F5336A61-819D-4DBA-A20D-15E3A94A1A00}
		{08D99AC6-E65F-44F7-9B52-D3FD59D3133E} = {F5336A61-819D-4DBA-A20D-15E3A94A1A00}
		{9474017C-0FC6-43FD-9C67-C237E83F8547} = {F5336A61-819D-4DBA-A20D-15E3A94A1A00}
		{CD6487F5-A868-49B9-8CA5-A6A3A9FD8547} = {F5336A61-819D-4DBA-A20D-15E3A94A1A00}
		{088DB452-E4C2-4E1F-BD49-9411242EB3E2} = {F5336A61-819D-4DBA-A20D-15E3A94A1A00}
		{82FF5E26-D0C8-45A8-8499-D4FA9400440E} = {F5336A61-819D-4DBA-A20D-15E3A94A1A00}
		{C7BF9DA7-A735-41BA-8322-EFA226ECCFFE} = {F5336A61-819D-4DBA-A20D-15E3A94A1A00}
		{2E17DE1F-E288-4E12-A46D-F50449D87358} = {03D3053B-317D-469C-A34E-A6672E26EA42}
		{7066335D-C111-44C1-946C-79BBF63779E9} = {03D3053B-317D-469C-A34E-A6672E26EA42}
		{64A28848-5626-4A4F-B5C2-A3959E676EF9} = {03D3053B-317D-469C-A34E-A6672E26EA42}
		{F506ADC0-B0AA-4C2E-A11E-AECA95F5FCEC} = {03D3053B-317D-469C-A34E-A6672E26EA42}
		{A8C07232-1BBA-4B9F-BACB-D914B6D99A45} = {03D3053B-317D-469C-A34E-A6672E26EA42}
		{EB943A29-374B-4E0E-B63E-D98643833EC4} = {03D3053B-317D-469C-A34E-A6672E26EA42}
		{80200C74-7582-4EBD-9ABF-9ADC451D168B} = {03D3053B-317D-469C-A34E-A6672E26EA42}
		{B1E73ED6-4BBE-49DB-9FAA-45F23A881251} = {03D3053B-317D-469C-A34E-A6672E26EA42}
		{A3D255B3-1BA2-47F0-96CD-A37F22B00296} = {03D3053B-317D-469C-A34E-A6672E26EA42}
		{453793FD-CF0C-4615-8DB4-8889704D152C} = {03D3053B-317D-469C-A34E-A6672E26EA42}
		{1C28AA1B-4EC4-48ED-AF16-7800C1BFFEBD} = {03D3053B-317D-469C-A34E-A6672E26EA42}
		{B9BB4460-77AC-4343-9256-D44C250188A4} = {03D3053B-317D-469C-A34E-A6672E26EA42}
		{56167794-A585-47A8-8765-FE5264C1146E} = {03D3053B-317D-469C-A34E-A6672E26EA42}
		{F47A8A05-962A-45D7-B2BB-40D5C45931C3} = {03D3053B-317D-469C-A34E-A6672E26EA42}
		{64021844-9F32-4AF9-89CB-5D418CB32297} = {03D3053B-317D-469C-A34E-A6672E26EA42}
		{02FD57F4-F826-41A5-A769-027B7A0E5546} = {03D3053B-317D-469C-A34E-A6672E26EA42}
		{2357248A-8CE4-4124-8CD1-CFC5478B4642} = {03D3053B-317D-469C-A34E-A6672E26EA42}
		{76E4652B-3041-4DB9-B1E6-574CEE86C8D3} = {03D3053B-317D-469C-A34E-A6672E26EA42}
		{B690088B-FC9E-43D3-AB98-D355C72070D9} = {03D3053B-317D-469C-A34E-A6672E26EA42}
		{76785F65-021A-43B4-84DB-0B14A0CAF07B} = {984D5C11-DF95-4DF5-B69C-8AEFCD00CAE6}
		{C6D7E869-9985-4271-A7F8-0AB46F706E10} = {984D5C11-DF95-4DF5-B69C-8AEFCD00CAE6}
		{BC884FB7-0DE9-450B-9595-3AEC372AB6FB} = {984D5C11-DF95-4DF5-B69C-8AEFCD00CAE6}
		{4A758B40-D8BA-48F5-9581-113A73B7B93D} = {984D5C11-DF95-4DF5-B69C-8AEFCD00CAE6}
		{5342FAF9-417B-4CE5-92D6-89E13BCBB2E4} = {984D5C11-DF95-4DF5-B69C-8AEFCD00CAE6}
		{587D4C69-2F91-4F79-B3A0-A65164DE8636} = {984D5C11-DF95-4DF5-B69C-8AEFCD00CAE6}
		{E8E9D0D6-313F-435E-BE15-296919E61A51} = {16D095BD-120B-483C-855A-D97507D20CF4}
		{0BD16CCF-CE40-466D-8F66-550E4ED0CE42} = {16D095BD-120B-483C-855A-D97507D20CF4}
		{CE1D3D8D-2053-48D0-BC34-56F43531478F} = {16D095BD-120B-483C-855A-D97507D20CF4}
		{3ADAA2FC-5220-4B91-BD34-4B26F8600C1B} = {16D095BD-120B-483C-855A-D97507D20CF4}
		{95D8C98C-EE8E-43C3-96A3-27A596D19C74} = {16D095BD-120B-483C-855A-D97507D20CF4}
	EndGlobalSection
	GlobalSection(ExtensibilityGlobals) = postSolution
		SolutionGuid = {5D443205-8FDE-4745-BC3C-79FB9079A2CC}
	EndGlobalSection
EndGlobal
