
Microsoft Visual Studio Solution File, Format Version 12.00
# Visual Studio 15
VisualStudioVersion = 15.0.26124.0
MinimumVisualStudioVersion = 15.0.26124.0
Project("{FAE04EC0-301F-11D3-BF4B-00C04F79EFBC}") = "day 3", "day 3\day 3.csproj", "{D722E5D1-D5F0-4725-BDD5-F51698F94A01}"
EndProject
Project("{FAE04EC0-301F-11D3-BF4B-00C04F79EFBC}") = "day 2", "day 2\day 2.csproj", "{F255F402-1DF7-49F2-9883-FA690DA4BE5D}"
EndProject
Project("{FAE04EC0-301F-11D3-BF4B-00C04F79EFBC}") = "day 1", "day 1\day 1.csproj", "{10197CAC-F6CA-4E08-943D-16DFC0EA5DAC}"
EndProject
Project("{FAE04EC0-301F-11D3-BF4B-00C04F79EFBC}") = "tests", "tests\tests.csproj", "{38FA83A5-9391-4A62-B003-C5510B7D92C2}"
EndProject
Project("{FAE04EC0-301F-11D3-BF4B-00C04F79EFBC}") = "day 4", "day 4\day 4.csproj", "{08FB619C-BC55-4D98-BC25-305331053F1A}"
EndProject
Project("{FAE04EC0-301F-11D3-BF4B-00C04F79EFBC}") = "day 5", "day 5\day 5.csproj", "{E8006ADC-304C-4535-BB04-3B69749D83AC}"
EndProject
Project("{FAE04EC0-301F-11D3-BF4B-00C04F79EFBC}") = "day 6", "day 6\day 6.csproj", "{41E995A5-D4B0-4CCF-A68D-19EA63E6D905}"
EndProject
Project("{FAE04EC0-301F-11D3-BF4B-00C04F79EFBC}") = "day 7", "day 7\day 7.csproj", "{B43C52D0-570B-48D5-87E8-94B09B532CE4}"
EndProject
Project("{FAE04EC0-301F-11D3-BF4B-00C04F79EFBC}") = "day 8", "day 8\day 8.csproj", "{6C993DC7-546C-4DF6-ACA3-8C56FBF07E3F}"
EndProject
Project("{FAE04EC0-301F-11D3-BF4B-00C04F79EFBC}") = "day 9", "day 9\day 9.csproj", "{E4635284-4139-4398-84BA-B0CA5BA84BC3}"
EndProject
Project("{FAE04EC0-301F-11D3-BF4B-00C04F79EFBC}") = "day 12", "day 12\day 12.csproj", "{F2A01E28-F9DD-490D-AF83-BA3309713CC7}"
EndProject
Project("{FAE04EC0-301F-11D3-BF4B-00C04F79EFBC}") = "day 13", "day 13\day 13.csproj", "{68244FAE-763C-445E-8B76-FBE3D7A968EC}"
EndProject
Project("{FAE04EC0-301F-11D3-BF4B-00C04F79EFBC}") = "day 11", "day 11\day 11.csproj", "{1B34F373-CCB9-41AF-836C-D15856416ED3}"
EndProject
Project("{FAE04EC0-301F-11D3-BF4B-00C04F79EFBC}") = "day10", "day10\day10.csproj", "{14886402-C4F1-4167-9ED5-A7A7FACC8BE5}"
EndProject
Project("{FAE04EC0-301F-11D3-BF4B-00C04F79EFBC}") = "day14", "day14\day14.csproj", "{1F69644E-89F0-493A-8C76-F76C34026384}"
EndProject
Project("{FAE04EC0-301F-11D3-BF4B-00C04F79EFBC}") = "day15", "day15\day15.csproj", "{2FA4D1A1-4D8A-49AF-B1B5-935C08AAAF43}"
EndProject
Project("{FAE04EC0-301F-11D3-BF4B-00C04F79EFBC}") = "day16", "day16\day16.csproj", "{B4EB93A0-938C-4370-B24E-7A9000D848D2}"
EndProject
Project("{FAE04EC0-301F-11D3-BF4B-00C04F79EFBC}") = "day17", "day17\day17.csproj", "{ADB69BD0-A683-475E-8711-05E3B03EFF5C}"
EndProject
Project("{2150E333-8FDC-42A3-9474-1A3956D46DE8}") = "2019", "2019", "{F5336A61-819D-4DBA-A20D-15E3A94A1A00}"
EndProject
Project("{FAE04EC0-301F-11D3-BF4B-00C04F79EFBC}") = "day01", "2019\day01\day01.csproj", "{34B7933B-6D51-4925-82E5-E4E0C659AB00}"
EndProject
Project("{FAE04EC0-301F-11D3-BF4B-00C04F79EFBC}") = "day02", "2019\day02\day02.csproj", "{08D99AC6-E65F-44F7-9B52-D3FD59D3133E}"
EndProject
Project("{2150E333-8FDC-42A3-9474-1A3956D46DE8}") = "2017", "2017", "{03D3053B-317D-469C-A34E-A6672E26EA42}"
EndProject
Project("{FAE04EC0-301F-11D3-BF4B-00C04F79EFBC}") = "day18", "2017\day18\day18.csproj", "{76E4652B-3041-4DB9-B1E6-574CEE86C8D3}"
EndProject
Project("{FAE04EC0-301F-11D3-BF4B-00C04F79EFBC}") = "day19", "2017\day19\day19.csproj", "{B690088B-FC9E-43D3-AB98-D355C72070D9}"
EndProject
Project("{FAE04EC0-301F-11D3-BF4B-00C04F79EFBC}") = "day03", "2019\day03\day03.csproj", "{9474017C-0FC6-43FD-9C67-C237E83F8547}"
EndProject
Project("{FAE04EC0-301F-11D3-BF4B-00C04F79EFBC}") = "day04", "2019\day04\day04.csproj", "{CD6487F5-A868-49B9-8CA5-A6A3A9FD8547}"
EndProject
Project("{FAE04EC0-301F-11D3-BF4B-00C04F79EFBC}") = "day05", "2019\day05\day05.csproj", "{088DB452-E4C2-4E1F-BD49-9411242EB3E2}"
EndProject
Project("{FAE04EC0-301F-11D3-BF4B-00C04F79EFBC}") = "day06", "2019\day06\day06.csproj", "{82FF5E26-D0C8-45A8-8499-D4FA9400440E}"
EndProject
Project("{FAE04EC0-301F-11D3-BF4B-00C04F79EFBC}") = "day07", "2019\day07\day07.csproj", "{C7BF9DA7-A735-41BA-8322-EFA226ECCFFE}"
EndProject
Global
	GlobalSection(SolutionConfigurationPlatforms) = preSolution
		Debug|Any CPU = Debug|Any CPU
		Debug|x64 = Debug|x64
		Debug|x86 = Debug|x86
		Release|Any CPU = Release|Any CPU
		Release|x64 = Release|x64
		Release|x86 = Release|x86
	EndGlobalSection
	GlobalSection(SolutionProperties) = preSolution
		HideSolutionNode = FALSE
	EndGlobalSection
	GlobalSection(ProjectConfigurationPlatforms) = postSolution
		{D722E5D1-D5F0-4725-BDD5-F51698F94A01}.Debug|Any CPU.ActiveCfg = Debug|Any CPU
		{D722E5D1-D5F0-4725-BDD5-F51698F94A01}.Debug|Any CPU.Build.0 = Debug|Any CPU
		{D722E5D1-D5F0-4725-BDD5-F51698F94A01}.Debug|x64.ActiveCfg = Debug|x64
		{D722E5D1-D5F0-4725-BDD5-F51698F94A01}.Debug|x64.Build.0 = Debug|x64
		{D722E5D1-D5F0-4725-BDD5-F51698F94A01}.Debug|x86.ActiveCfg = Debug|x86
		{D722E5D1-D5F0-4725-BDD5-F51698F94A01}.Debug|x86.Build.0 = Debug|x86
		{D722E5D1-D5F0-4725-BDD5-F51698F94A01}.Release|Any CPU.ActiveCfg = Release|Any CPU
		{D722E5D1-D5F0-4725-BDD5-F51698F94A01}.Release|Any CPU.Build.0 = Release|Any CPU
		{D722E5D1-D5F0-4725-BDD5-F51698F94A01}.Release|x64.ActiveCfg = Release|x64
		{D722E5D1-D5F0-4725-BDD5-F51698F94A01}.Release|x64.Build.0 = Release|x64
		{D722E5D1-D5F0-4725-BDD5-F51698F94A01}.Release|x86.ActiveCfg = Release|x86
		{D722E5D1-D5F0-4725-BDD5-F51698F94A01}.Release|x86.Build.0 = Release|x86
		{F255F402-1DF7-49F2-9883-FA690DA4BE5D}.Debug|Any CPU.ActiveCfg = Debug|Any CPU
		{F255F402-1DF7-49F2-9883-FA690DA4BE5D}.Debug|Any CPU.Build.0 = Debug|Any CPU
		{F255F402-1DF7-49F2-9883-FA690DA4BE5D}.Debug|x64.ActiveCfg = Debug|x64
		{F255F402-1DF7-49F2-9883-FA690DA4BE5D}.Debug|x64.Build.0 = Debug|x64
		{F255F402-1DF7-49F2-9883-FA690DA4BE5D}.Debug|x86.ActiveCfg = Debug|x86
		{F255F402-1DF7-49F2-9883-FA690DA4BE5D}.Debug|x86.Build.0 = Debug|x86
		{F255F402-1DF7-49F2-9883-FA690DA4BE5D}.Release|Any CPU.ActiveCfg = Release|Any CPU
		{F255F402-1DF7-49F2-9883-FA690DA4BE5D}.Release|Any CPU.Build.0 = Release|Any CPU
		{F255F402-1DF7-49F2-9883-FA690DA4BE5D}.Release|x64.ActiveCfg = Release|x64
		{F255F402-1DF7-49F2-9883-FA690DA4BE5D}.Release|x64.Build.0 = Release|x64
		{F255F402-1DF7-49F2-9883-FA690DA4BE5D}.Release|x86.ActiveCfg = Release|x86
		{F255F402-1DF7-49F2-9883-FA690DA4BE5D}.Release|x86.Build.0 = Release|x86
		{10197CAC-F6CA-4E08-943D-16DFC0EA5DAC}.Debug|Any CPU.ActiveCfg = Debug|Any CPU
		{10197CAC-F6CA-4E08-943D-16DFC0EA5DAC}.Debug|Any CPU.Build.0 = Debug|Any CPU
		{10197CAC-F6CA-4E08-943D-16DFC0EA5DAC}.Debug|x64.ActiveCfg = Debug|x64
		{10197CAC-F6CA-4E08-943D-16DFC0EA5DAC}.Debug|x64.Build.0 = Debug|x64
		{10197CAC-F6CA-4E08-943D-16DFC0EA5DAC}.Debug|x86.ActiveCfg = Debug|x86
		{10197CAC-F6CA-4E08-943D-16DFC0EA5DAC}.Debug|x86.Build.0 = Debug|x86
		{10197CAC-F6CA-4E08-943D-16DFC0EA5DAC}.Release|Any CPU.ActiveCfg = Release|Any CPU
		{10197CAC-F6CA-4E08-943D-16DFC0EA5DAC}.Release|Any CPU.Build.0 = Release|Any CPU
		{10197CAC-F6CA-4E08-943D-16DFC0EA5DAC}.Release|x64.ActiveCfg = Release|x64
		{10197CAC-F6CA-4E08-943D-16DFC0EA5DAC}.Release|x64.Build.0 = Release|x64
		{10197CAC-F6CA-4E08-943D-16DFC0EA5DAC}.Release|x86.ActiveCfg = Release|x86
		{10197CAC-F6CA-4E08-943D-16DFC0EA5DAC}.Release|x86.Build.0 = Release|x86
		{38FA83A5-9391-4A62-B003-C5510B7D92C2}.Debug|Any CPU.ActiveCfg = Debug|Any CPU
		{38FA83A5-9391-4A62-B003-C5510B7D92C2}.Debug|Any CPU.Build.0 = Debug|Any CPU
		{38FA83A5-9391-4A62-B003-C5510B7D92C2}.Debug|x64.ActiveCfg = Debug|x64
		{38FA83A5-9391-4A62-B003-C5510B7D92C2}.Debug|x64.Build.0 = Debug|x64
		{38FA83A5-9391-4A62-B003-C5510B7D92C2}.Debug|x86.ActiveCfg = Debug|x86
		{38FA83A5-9391-4A62-B003-C5510B7D92C2}.Debug|x86.Build.0 = Debug|x86
		{38FA83A5-9391-4A62-B003-C5510B7D92C2}.Release|Any CPU.ActiveCfg = Release|Any CPU
		{38FA83A5-9391-4A62-B003-C5510B7D92C2}.Release|Any CPU.Build.0 = Release|Any CPU
		{38FA83A5-9391-4A62-B003-C5510B7D92C2}.Release|x64.ActiveCfg = Release|x64
		{38FA83A5-9391-4A62-B003-C5510B7D92C2}.Release|x64.Build.0 = Release|x64
		{38FA83A5-9391-4A62-B003-C5510B7D92C2}.Release|x86.ActiveCfg = Release|x86
		{38FA83A5-9391-4A62-B003-C5510B7D92C2}.Release|x86.Build.0 = Release|x86
		{08FB619C-BC55-4D98-BC25-305331053F1A}.Debug|Any CPU.ActiveCfg = Debug|Any CPU
		{08FB619C-BC55-4D98-BC25-305331053F1A}.Debug|Any CPU.Build.0 = Debug|Any CPU
		{08FB619C-BC55-4D98-BC25-305331053F1A}.Debug|x64.ActiveCfg = Debug|x64
		{08FB619C-BC55-4D98-BC25-305331053F1A}.Debug|x64.Build.0 = Debug|x64
		{08FB619C-BC55-4D98-BC25-305331053F1A}.Debug|x86.ActiveCfg = Debug|x86
		{08FB619C-BC55-4D98-BC25-305331053F1A}.Debug|x86.Build.0 = Debug|x86
		{08FB619C-BC55-4D98-BC25-305331053F1A}.Release|Any CPU.ActiveCfg = Release|Any CPU
		{08FB619C-BC55-4D98-BC25-305331053F1A}.Release|Any CPU.Build.0 = Release|Any CPU
		{08FB619C-BC55-4D98-BC25-305331053F1A}.Release|x64.ActiveCfg = Release|x64
		{08FB619C-BC55-4D98-BC25-305331053F1A}.Release|x64.Build.0 = Release|x64
		{08FB619C-BC55-4D98-BC25-305331053F1A}.Release|x86.ActiveCfg = Release|x86
		{08FB619C-BC55-4D98-BC25-305331053F1A}.Release|x86.Build.0 = Release|x86
		{E8006ADC-304C-4535-BB04-3B69749D83AC}.Debug|Any CPU.ActiveCfg = Debug|Any CPU
		{E8006ADC-304C-4535-BB04-3B69749D83AC}.Debug|Any CPU.Build.0 = Debug|Any CPU
		{E8006ADC-304C-4535-BB04-3B69749D83AC}.Debug|x64.ActiveCfg = Debug|x64
		{E8006ADC-304C-4535-BB04-3B69749D83AC}.Debug|x64.Build.0 = Debug|x64
		{E8006ADC-304C-4535-BB04-3B69749D83AC}.Debug|x86.ActiveCfg = Debug|x86
		{E8006ADC-304C-4535-BB04-3B69749D83AC}.Debug|x86.Build.0 = Debug|x86
		{E8006ADC-304C-4535-BB04-3B69749D83AC}.Release|Any CPU.ActiveCfg = Release|Any CPU
		{E8006ADC-304C-4535-BB04-3B69749D83AC}.Release|Any CPU.Build.0 = Release|Any CPU
		{E8006ADC-304C-4535-BB04-3B69749D83AC}.Release|x64.ActiveCfg = Release|x64
		{E8006ADC-304C-4535-BB04-3B69749D83AC}.Release|x64.Build.0 = Release|x64
		{E8006ADC-304C-4535-BB04-3B69749D83AC}.Release|x86.ActiveCfg = Release|x86
		{E8006ADC-304C-4535-BB04-3B69749D83AC}.Release|x86.Build.0 = Release|x86
		{41E995A5-D4B0-4CCF-A68D-19EA63E6D905}.Debug|Any CPU.ActiveCfg = Debug|Any CPU
		{41E995A5-D4B0-4CCF-A68D-19EA63E6D905}.Debug|Any CPU.Build.0 = Debug|Any CPU
		{41E995A5-D4B0-4CCF-A68D-19EA63E6D905}.Debug|x64.ActiveCfg = Debug|x64
		{41E995A5-D4B0-4CCF-A68D-19EA63E6D905}.Debug|x64.Build.0 = Debug|x64
		{41E995A5-D4B0-4CCF-A68D-19EA63E6D905}.Debug|x86.ActiveCfg = Debug|x86
		{41E995A5-D4B0-4CCF-A68D-19EA63E6D905}.Debug|x86.Build.0 = Debug|x86
		{41E995A5-D4B0-4CCF-A68D-19EA63E6D905}.Release|Any CPU.ActiveCfg = Release|Any CPU
		{41E995A5-D4B0-4CCF-A68D-19EA63E6D905}.Release|Any CPU.Build.0 = Release|Any CPU
		{41E995A5-D4B0-4CCF-A68D-19EA63E6D905}.Release|x64.ActiveCfg = Release|x64
		{41E995A5-D4B0-4CCF-A68D-19EA63E6D905}.Release|x64.Build.0 = Release|x64
		{41E995A5-D4B0-4CCF-A68D-19EA63E6D905}.Release|x86.ActiveCfg = Release|x86
		{41E995A5-D4B0-4CCF-A68D-19EA63E6D905}.Release|x86.Build.0 = Release|x86
		{B43C52D0-570B-48D5-87E8-94B09B532CE4}.Debug|Any CPU.ActiveCfg = Debug|Any CPU
		{B43C52D0-570B-48D5-87E8-94B09B532CE4}.Debug|Any CPU.Build.0 = Debug|Any CPU
		{B43C52D0-570B-48D5-87E8-94B09B532CE4}.Debug|x64.ActiveCfg = Debug|x64
		{B43C52D0-570B-48D5-87E8-94B09B532CE4}.Debug|x64.Build.0 = Debug|x64
		{B43C52D0-570B-48D5-87E8-94B09B532CE4}.Debug|x86.ActiveCfg = Debug|x86
		{B43C52D0-570B-48D5-87E8-94B09B532CE4}.Debug|x86.Build.0 = Debug|x86
		{B43C52D0-570B-48D5-87E8-94B09B532CE4}.Release|Any CPU.ActiveCfg = Release|Any CPU
		{B43C52D0-570B-48D5-87E8-94B09B532CE4}.Release|Any CPU.Build.0 = Release|Any CPU
		{B43C52D0-570B-48D5-87E8-94B09B532CE4}.Release|x64.ActiveCfg = Release|x64
		{B43C52D0-570B-48D5-87E8-94B09B532CE4}.Release|x64.Build.0 = Release|x64
		{B43C52D0-570B-48D5-87E8-94B09B532CE4}.Release|x86.ActiveCfg = Release|x86
		{B43C52D0-570B-48D5-87E8-94B09B532CE4}.Release|x86.Build.0 = Release|x86
		{6C993DC7-546C-4DF6-ACA3-8C56FBF07E3F}.Debug|Any CPU.ActiveCfg = Debug|Any CPU
		{6C993DC7-546C-4DF6-ACA3-8C56FBF07E3F}.Debug|Any CPU.Build.0 = Debug|Any CPU
		{6C993DC7-546C-4DF6-ACA3-8C56FBF07E3F}.Debug|x64.ActiveCfg = Debug|x64
		{6C993DC7-546C-4DF6-ACA3-8C56FBF07E3F}.Debug|x64.Build.0 = Debug|x64
		{6C993DC7-546C-4DF6-ACA3-8C56FBF07E3F}.Debug|x86.ActiveCfg = Debug|x86
		{6C993DC7-546C-4DF6-ACA3-8C56FBF07E3F}.Debug|x86.Build.0 = Debug|x86
		{6C993DC7-546C-4DF6-ACA3-8C56FBF07E3F}.Release|Any CPU.ActiveCfg = Release|Any CPU
		{6C993DC7-546C-4DF6-ACA3-8C56FBF07E3F}.Release|Any CPU.Build.0 = Release|Any CPU
		{6C993DC7-546C-4DF6-ACA3-8C56FBF07E3F}.Release|x64.ActiveCfg = Release|x64
		{6C993DC7-546C-4DF6-ACA3-8C56FBF07E3F}.Release|x64.Build.0 = Release|x64
		{6C993DC7-546C-4DF6-ACA3-8C56FBF07E3F}.Release|x86.ActiveCfg = Release|x86
		{6C993DC7-546C-4DF6-ACA3-8C56FBF07E3F}.Release|x86.Build.0 = Release|x86
		{E4635284-4139-4398-84BA-B0CA5BA84BC3}.Debug|Any CPU.ActiveCfg = Debug|Any CPU
		{E4635284-4139-4398-84BA-B0CA5BA84BC3}.Debug|Any CPU.Build.0 = Debug|Any CPU
		{E4635284-4139-4398-84BA-B0CA5BA84BC3}.Debug|x64.ActiveCfg = Debug|x64
		{E4635284-4139-4398-84BA-B0CA5BA84BC3}.Debug|x64.Build.0 = Debug|x64
		{E4635284-4139-4398-84BA-B0CA5BA84BC3}.Debug|x86.ActiveCfg = Debug|x86
		{E4635284-4139-4398-84BA-B0CA5BA84BC3}.Debug|x86.Build.0 = Debug|x86
		{E4635284-4139-4398-84BA-B0CA5BA84BC3}.Release|Any CPU.ActiveCfg = Release|Any CPU
		{E4635284-4139-4398-84BA-B0CA5BA84BC3}.Release|Any CPU.Build.0 = Release|Any CPU
		{E4635284-4139-4398-84BA-B0CA5BA84BC3}.Release|x64.ActiveCfg = Release|x64
		{E4635284-4139-4398-84BA-B0CA5BA84BC3}.Release|x64.Build.0 = Release|x64
		{E4635284-4139-4398-84BA-B0CA5BA84BC3}.Release|x86.ActiveCfg = Release|x86
		{E4635284-4139-4398-84BA-B0CA5BA84BC3}.Release|x86.Build.0 = Release|x86
		{F2A01E28-F9DD-490D-AF83-BA3309713CC7}.Debug|Any CPU.ActiveCfg = Debug|Any CPU
		{F2A01E28-F9DD-490D-AF83-BA3309713CC7}.Debug|Any CPU.Build.0 = Debug|Any CPU
		{F2A01E28-F9DD-490D-AF83-BA3309713CC7}.Debug|x64.ActiveCfg = Debug|x64
		{F2A01E28-F9DD-490D-AF83-BA3309713CC7}.Debug|x64.Build.0 = Debug|x64
		{F2A01E28-F9DD-490D-AF83-BA3309713CC7}.Debug|x86.ActiveCfg = Debug|x86
		{F2A01E28-F9DD-490D-AF83-BA3309713CC7}.Debug|x86.Build.0 = Debug|x86
		{F2A01E28-F9DD-490D-AF83-BA3309713CC7}.Release|Any CPU.ActiveCfg = Release|Any CPU
		{F2A01E28-F9DD-490D-AF83-BA3309713CC7}.Release|Any CPU.Build.0 = Release|Any CPU
		{F2A01E28-F9DD-490D-AF83-BA3309713CC7}.Release|x64.ActiveCfg = Release|x64
		{F2A01E28-F9DD-490D-AF83-BA3309713CC7}.Release|x64.Build.0 = Release|x64
		{F2A01E28-F9DD-490D-AF83-BA3309713CC7}.Release|x86.ActiveCfg = Release|x86
		{F2A01E28-F9DD-490D-AF83-BA3309713CC7}.Release|x86.Build.0 = Release|x86
		{68244FAE-763C-445E-8B76-FBE3D7A968EC}.Debug|Any CPU.ActiveCfg = Debug|Any CPU
		{68244FAE-763C-445E-8B76-FBE3D7A968EC}.Debug|Any CPU.Build.0 = Debug|Any CPU
		{68244FAE-763C-445E-8B76-FBE3D7A968EC}.Debug|x64.ActiveCfg = Debug|x64
		{68244FAE-763C-445E-8B76-FBE3D7A968EC}.Debug|x64.Build.0 = Debug|x64
		{68244FAE-763C-445E-8B76-FBE3D7A968EC}.Debug|x86.ActiveCfg = Debug|x86
		{68244FAE-763C-445E-8B76-FBE3D7A968EC}.Debug|x86.Build.0 = Debug|x86
		{68244FAE-763C-445E-8B76-FBE3D7A968EC}.Release|Any CPU.ActiveCfg = Release|Any CPU
		{68244FAE-763C-445E-8B76-FBE3D7A968EC}.Release|Any CPU.Build.0 = Release|Any CPU
		{68244FAE-763C-445E-8B76-FBE3D7A968EC}.Release|x64.ActiveCfg = Release|x64
		{68244FAE-763C-445E-8B76-FBE3D7A968EC}.Release|x64.Build.0 = Release|x64
		{68244FAE-763C-445E-8B76-FBE3D7A968EC}.Release|x86.ActiveCfg = Release|x86
		{68244FAE-763C-445E-8B76-FBE3D7A968EC}.Release|x86.Build.0 = Release|x86
		{1B34F373-CCB9-41AF-836C-D15856416ED3}.Debug|Any CPU.ActiveCfg = Debug|Any CPU
		{1B34F373-CCB9-41AF-836C-D15856416ED3}.Debug|Any CPU.Build.0 = Debug|Any CPU
		{1B34F373-CCB9-41AF-836C-D15856416ED3}.Debug|x64.ActiveCfg = Debug|x64
		{1B34F373-CCB9-41AF-836C-D15856416ED3}.Debug|x64.Build.0 = Debug|x64
		{1B34F373-CCB9-41AF-836C-D15856416ED3}.Debug|x86.ActiveCfg = Debug|x86
		{1B34F373-CCB9-41AF-836C-D15856416ED3}.Debug|x86.Build.0 = Debug|x86
		{1B34F373-CCB9-41AF-836C-D15856416ED3}.Release|Any CPU.ActiveCfg = Release|Any CPU
		{1B34F373-CCB9-41AF-836C-D15856416ED3}.Release|Any CPU.Build.0 = Release|Any CPU
		{1B34F373-CCB9-41AF-836C-D15856416ED3}.Release|x64.ActiveCfg = Release|x64
		{1B34F373-CCB9-41AF-836C-D15856416ED3}.Release|x64.Build.0 = Release|x64
		{1B34F373-CCB9-41AF-836C-D15856416ED3}.Release|x86.ActiveCfg = Release|x86
		{1B34F373-CCB9-41AF-836C-D15856416ED3}.Release|x86.Build.0 = Release|x86
		{14886402-C4F1-4167-9ED5-A7A7FACC8BE5}.Debug|Any CPU.ActiveCfg = Debug|Any CPU
		{14886402-C4F1-4167-9ED5-A7A7FACC8BE5}.Debug|Any CPU.Build.0 = Debug|Any CPU
		{14886402-C4F1-4167-9ED5-A7A7FACC8BE5}.Debug|x64.ActiveCfg = Debug|x64
		{14886402-C4F1-4167-9ED5-A7A7FACC8BE5}.Debug|x64.Build.0 = Debug|x64
		{14886402-C4F1-4167-9ED5-A7A7FACC8BE5}.Debug|x86.ActiveCfg = Debug|x86
		{14886402-C4F1-4167-9ED5-A7A7FACC8BE5}.Debug|x86.Build.0 = Debug|x86
		{14886402-C4F1-4167-9ED5-A7A7FACC8BE5}.Release|Any CPU.ActiveCfg = Release|Any CPU
		{14886402-C4F1-4167-9ED5-A7A7FACC8BE5}.Release|Any CPU.Build.0 = Release|Any CPU
		{14886402-C4F1-4167-9ED5-A7A7FACC8BE5}.Release|x64.ActiveCfg = Release|x64
		{14886402-C4F1-4167-9ED5-A7A7FACC8BE5}.Release|x64.Build.0 = Release|x64
		{14886402-C4F1-4167-9ED5-A7A7FACC8BE5}.Release|x86.ActiveCfg = Release|x86
		{14886402-C4F1-4167-9ED5-A7A7FACC8BE5}.Release|x86.Build.0 = Release|x86
		{1F69644E-89F0-493A-8C76-F76C34026384}.Debug|Any CPU.ActiveCfg = Debug|Any CPU
		{1F69644E-89F0-493A-8C76-F76C34026384}.Debug|Any CPU.Build.0 = Debug|Any CPU
		{1F69644E-89F0-493A-8C76-F76C34026384}.Debug|x64.ActiveCfg = Debug|x64
		{1F69644E-89F0-493A-8C76-F76C34026384}.Debug|x64.Build.0 = Debug|x64
		{1F69644E-89F0-493A-8C76-F76C34026384}.Debug|x86.ActiveCfg = Debug|x86
		{1F69644E-89F0-493A-8C76-F76C34026384}.Debug|x86.Build.0 = Debug|x86
		{1F69644E-89F0-493A-8C76-F76C34026384}.Release|Any CPU.ActiveCfg = Release|Any CPU
		{1F69644E-89F0-493A-8C76-F76C34026384}.Release|Any CPU.Build.0 = Release|Any CPU
		{1F69644E-89F0-493A-8C76-F76C34026384}.Release|x64.ActiveCfg = Release|x64
		{1F69644E-89F0-493A-8C76-F76C34026384}.Release|x64.Build.0 = Release|x64
		{1F69644E-89F0-493A-8C76-F76C34026384}.Release|x86.ActiveCfg = Release|x86
		{1F69644E-89F0-493A-8C76-F76C34026384}.Release|x86.Build.0 = Release|x86
		{2FA4D1A1-4D8A-49AF-B1B5-935C08AAAF43}.Debug|Any CPU.ActiveCfg = Debug|Any CPU
		{2FA4D1A1-4D8A-49AF-B1B5-935C08AAAF43}.Debug|Any CPU.Build.0 = Debug|Any CPU
		{2FA4D1A1-4D8A-49AF-B1B5-935C08AAAF43}.Debug|x64.ActiveCfg = Debug|x64
		{2FA4D1A1-4D8A-49AF-B1B5-935C08AAAF43}.Debug|x64.Build.0 = Debug|x64
		{2FA4D1A1-4D8A-49AF-B1B5-935C08AAAF43}.Debug|x86.ActiveCfg = Debug|x86
		{2FA4D1A1-4D8A-49AF-B1B5-935C08AAAF43}.Debug|x86.Build.0 = Debug|x86
		{2FA4D1A1-4D8A-49AF-B1B5-935C08AAAF43}.Release|Any CPU.ActiveCfg = Release|Any CPU
		{2FA4D1A1-4D8A-49AF-B1B5-935C08AAAF43}.Release|Any CPU.Build.0 = Release|Any CPU
		{2FA4D1A1-4D8A-49AF-B1B5-935C08AAAF43}.Release|x64.ActiveCfg = Release|x64
		{2FA4D1A1-4D8A-49AF-B1B5-935C08AAAF43}.Release|x64.Build.0 = Release|x64
		{2FA4D1A1-4D8A-49AF-B1B5-935C08AAAF43}.Release|x86.ActiveCfg = Release|x86
		{2FA4D1A1-4D8A-49AF-B1B5-935C08AAAF43}.Release|x86.Build.0 = Release|x86
		{B4EB93A0-938C-4370-B24E-7A9000D848D2}.Debug|Any CPU.ActiveCfg = Debug|Any CPU
		{B4EB93A0-938C-4370-B24E-7A9000D848D2}.Debug|Any CPU.Build.0 = Debug|Any CPU
		{B4EB93A0-938C-4370-B24E-7A9000D848D2}.Debug|x64.ActiveCfg = Debug|x64
		{B4EB93A0-938C-4370-B24E-7A9000D848D2}.Debug|x64.Build.0 = Debug|x64
		{B4EB93A0-938C-4370-B24E-7A9000D848D2}.Debug|x86.ActiveCfg = Debug|x86
		{B4EB93A0-938C-4370-B24E-7A9000D848D2}.Debug|x86.Build.0 = Debug|x86
		{B4EB93A0-938C-4370-B24E-7A9000D848D2}.Release|Any CPU.ActiveCfg = Release|Any CPU
		{B4EB93A0-938C-4370-B24E-7A9000D848D2}.Release|Any CPU.Build.0 = Release|Any CPU
		{B4EB93A0-938C-4370-B24E-7A9000D848D2}.Release|x64.ActiveCfg = Release|x64
		{B4EB93A0-938C-4370-B24E-7A9000D848D2}.Release|x64.Build.0 = Release|x64
		{B4EB93A0-938C-4370-B24E-7A9000D848D2}.Release|x86.ActiveCfg = Release|x86
		{B4EB93A0-938C-4370-B24E-7A9000D848D2}.Release|x86.Build.0 = Release|x86
		{ADB69BD0-A683-475E-8711-05E3B03EFF5C}.Debug|Any CPU.ActiveCfg = Debug|Any CPU
		{ADB69BD0-A683-475E-8711-05E3B03EFF5C}.Debug|Any CPU.Build.0 = Debug|Any CPU
		{ADB69BD0-A683-475E-8711-05E3B03EFF5C}.Debug|x64.ActiveCfg = Debug|x64
		{ADB69BD0-A683-475E-8711-05E3B03EFF5C}.Debug|x64.Build.0 = Debug|x64
		{ADB69BD0-A683-475E-8711-05E3B03EFF5C}.Debug|x86.ActiveCfg = Debug|x86
		{ADB69BD0-A683-475E-8711-05E3B03EFF5C}.Debug|x86.Build.0 = Debug|x86
		{ADB69BD0-A683-475E-8711-05E3B03EFF5C}.Release|Any CPU.ActiveCfg = Release|Any CPU
		{ADB69BD0-A683-475E-8711-05E3B03EFF5C}.Release|Any CPU.Build.0 = Release|Any CPU
		{ADB69BD0-A683-475E-8711-05E3B03EFF5C}.Release|x64.ActiveCfg = Release|x64
		{ADB69BD0-A683-475E-8711-05E3B03EFF5C}.Release|x64.Build.0 = Release|x64
		{ADB69BD0-A683-475E-8711-05E3B03EFF5C}.Release|x86.ActiveCfg = Release|x86
		{ADB69BD0-A683-475E-8711-05E3B03EFF5C}.Release|x86.Build.0 = Release|x86
		{34B7933B-6D51-4925-82E5-E4E0C659AB00}.Debug|Any CPU.ActiveCfg = Debug|Any CPU
		{34B7933B-6D51-4925-82E5-E4E0C659AB00}.Debug|Any CPU.Build.0 = Debug|Any CPU
		{34B7933B-6D51-4925-82E5-E4E0C659AB00}.Debug|x64.ActiveCfg = Debug|Any CPU
		{34B7933B-6D51-4925-82E5-E4E0C659AB00}.Debug|x64.Build.0 = Debug|Any CPU
		{34B7933B-6D51-4925-82E5-E4E0C659AB00}.Debug|x86.ActiveCfg = Debug|Any CPU
		{34B7933B-6D51-4925-82E5-E4E0C659AB00}.Debug|x86.Build.0 = Debug|Any CPU
		{34B7933B-6D51-4925-82E5-E4E0C659AB00}.Release|Any CPU.ActiveCfg = Release|Any CPU
		{34B7933B-6D51-4925-82E5-E4E0C659AB00}.Release|Any CPU.Build.0 = Release|Any CPU
		{34B7933B-6D51-4925-82E5-E4E0C659AB00}.Release|x64.ActiveCfg = Release|Any CPU
		{34B7933B-6D51-4925-82E5-E4E0C659AB00}.Release|x64.Build.0 = Release|Any CPU
		{34B7933B-6D51-4925-82E5-E4E0C659AB00}.Release|x86.ActiveCfg = Release|Any CPU
		{34B7933B-6D51-4925-82E5-E4E0C659AB00}.Release|x86.Build.0 = Release|Any CPU
		{08D99AC6-E65F-44F7-9B52-D3FD59D3133E}.Debug|Any CPU.ActiveCfg = Debug|Any CPU
		{08D99AC6-E65F-44F7-9B52-D3FD59D3133E}.Debug|Any CPU.Build.0 = Debug|Any CPU
		{08D99AC6-E65F-44F7-9B52-D3FD59D3133E}.Debug|x64.ActiveCfg = Debug|Any CPU
		{08D99AC6-E65F-44F7-9B52-D3FD59D3133E}.Debug|x64.Build.0 = Debug|Any CPU
		{08D99AC6-E65F-44F7-9B52-D3FD59D3133E}.Debug|x86.ActiveCfg = Debug|Any CPU
		{08D99AC6-E65F-44F7-9B52-D3FD59D3133E}.Debug|x86.Build.0 = Debug|Any CPU
		{08D99AC6-E65F-44F7-9B52-D3FD59D3133E}.Release|Any CPU.ActiveCfg = Release|Any CPU
		{08D99AC6-E65F-44F7-9B52-D3FD59D3133E}.Release|Any CPU.Build.0 = Release|Any CPU
		{08D99AC6-E65F-44F7-9B52-D3FD59D3133E}.Release|x64.ActiveCfg = Release|Any CPU
		{08D99AC6-E65F-44F7-9B52-D3FD59D3133E}.Release|x64.Build.0 = Release|Any CPU
		{08D99AC6-E65F-44F7-9B52-D3FD59D3133E}.Release|x86.ActiveCfg = Release|Any CPU
		{08D99AC6-E65F-44F7-9B52-D3FD59D3133E}.Release|x86.Build.0 = Release|Any CPU
		{76E4652B-3041-4DB9-B1E6-574CEE86C8D3}.Debug|Any CPU.ActiveCfg = Debug|Any CPU
		{76E4652B-3041-4DB9-B1E6-574CEE86C8D3}.Debug|Any CPU.Build.0 = Debug|Any CPU
		{76E4652B-3041-4DB9-B1E6-574CEE86C8D3}.Debug|x64.ActiveCfg = Debug|Any CPU
		{76E4652B-3041-4DB9-B1E6-574CEE86C8D3}.Debug|x64.Build.0 = Debug|Any CPU
		{76E4652B-3041-4DB9-B1E6-574CEE86C8D3}.Debug|x86.ActiveCfg = Debug|Any CPU
		{76E4652B-3041-4DB9-B1E6-574CEE86C8D3}.Debug|x86.Build.0 = Debug|Any CPU
		{76E4652B-3041-4DB9-B1E6-574CEE86C8D3}.Release|Any CPU.ActiveCfg = Release|Any CPU
		{76E4652B-3041-4DB9-B1E6-574CEE86C8D3}.Release|Any CPU.Build.0 = Release|Any CPU
		{76E4652B-3041-4DB9-B1E6-574CEE86C8D3}.Release|x64.ActiveCfg = Release|Any CPU
		{76E4652B-3041-4DB9-B1E6-574CEE86C8D3}.Release|x64.Build.0 = Release|Any CPU
		{76E4652B-3041-4DB9-B1E6-574CEE86C8D3}.Release|x86.ActiveCfg = Release|Any CPU
		{76E4652B-3041-4DB9-B1E6-574CEE86C8D3}.Release|x86.Build.0 = Release|Any CPU
		{B690088B-FC9E-43D3-AB98-D355C72070D9}.Debug|Any CPU.ActiveCfg = Debug|Any CPU
		{B690088B-FC9E-43D3-AB98-D355C72070D9}.Debug|Any CPU.Build.0 = Debug|Any CPU
		{B690088B-FC9E-43D3-AB98-D355C72070D9}.Debug|x64.ActiveCfg = Debug|Any CPU
		{B690088B-FC9E-43D3-AB98-D355C72070D9}.Debug|x64.Build.0 = Debug|Any CPU
		{B690088B-FC9E-43D3-AB98-D355C72070D9}.Debug|x86.ActiveCfg = Debug|Any CPU
		{B690088B-FC9E-43D3-AB98-D355C72070D9}.Debug|x86.Build.0 = Debug|Any CPU
		{B690088B-FC9E-43D3-AB98-D355C72070D9}.Release|Any CPU.ActiveCfg = Release|Any CPU
		{B690088B-FC9E-43D3-AB98-D355C72070D9}.Release|Any CPU.Build.0 = Release|Any CPU
		{B690088B-FC9E-43D3-AB98-D355C72070D9}.Release|x64.ActiveCfg = Release|Any CPU
		{B690088B-FC9E-43D3-AB98-D355C72070D9}.Release|x64.Build.0 = Release|Any CPU
		{B690088B-FC9E-43D3-AB98-D355C72070D9}.Release|x86.ActiveCfg = Release|Any CPU
		{B690088B-FC9E-43D3-AB98-D355C72070D9}.Release|x86.Build.0 = Release|Any CPU
		{9474017C-0FC6-43FD-9C67-C237E83F8547}.Debug|Any CPU.ActiveCfg = Debug|Any CPU
		{9474017C-0FC6-43FD-9C67-C237E83F8547}.Debug|Any CPU.Build.0 = Debug|Any CPU
		{9474017C-0FC6-43FD-9C67-C237E83F8547}.Debug|x64.ActiveCfg = Debug|Any CPU
		{9474017C-0FC6-43FD-9C67-C237E83F8547}.Debug|x64.Build.0 = Debug|Any CPU
		{9474017C-0FC6-43FD-9C67-C237E83F8547}.Debug|x86.ActiveCfg = Debug|Any CPU
		{9474017C-0FC6-43FD-9C67-C237E83F8547}.Debug|x86.Build.0 = Debug|Any CPU
		{9474017C-0FC6-43FD-9C67-C237E83F8547}.Release|Any CPU.ActiveCfg = Release|Any CPU
		{9474017C-0FC6-43FD-9C67-C237E83F8547}.Release|Any CPU.Build.0 = Release|Any CPU
		{9474017C-0FC6-43FD-9C67-C237E83F8547}.Release|x64.ActiveCfg = Release|Any CPU
		{9474017C-0FC6-43FD-9C67-C237E83F8547}.Release|x64.Build.0 = Release|Any CPU
		{9474017C-0FC6-43FD-9C67-C237E83F8547}.Release|x86.ActiveCfg = Release|Any CPU
		{9474017C-0FC6-43FD-9C67-C237E83F8547}.Release|x86.Build.0 = Release|Any CPU
		{CD6487F5-A868-49B9-8CA5-A6A3A9FD8547}.Debug|Any CPU.ActiveCfg = Debug|Any CPU
		{CD6487F5-A868-49B9-8CA5-A6A3A9FD8547}.Debug|Any CPU.Build.0 = Debug|Any CPU
		{CD6487F5-A868-49B9-8CA5-A6A3A9FD8547}.Debug|x64.ActiveCfg = Debug|Any CPU
		{CD6487F5-A868-49B9-8CA5-A6A3A9FD8547}.Debug|x64.Build.0 = Debug|Any CPU
		{CD6487F5-A868-49B9-8CA5-A6A3A9FD8547}.Debug|x86.ActiveCfg = Debug|Any CPU
		{CD6487F5-A868-49B9-8CA5-A6A3A9FD8547}.Debug|x86.Build.0 = Debug|Any CPU
		{CD6487F5-A868-49B9-8CA5-A6A3A9FD8547}.Release|Any CPU.ActiveCfg = Release|Any CPU
		{CD6487F5-A868-49B9-8CA5-A6A3A9FD8547}.Release|Any CPU.Build.0 = Release|Any CPU
		{CD6487F5-A868-49B9-8CA5-A6A3A9FD8547}.Release|x64.ActiveCfg = Release|Any CPU
		{CD6487F5-A868-49B9-8CA5-A6A3A9FD8547}.Release|x64.Build.0 = Release|Any CPU
		{CD6487F5-A868-49B9-8CA5-A6A3A9FD8547}.Release|x86.ActiveCfg = Release|Any CPU
		{CD6487F5-A868-49B9-8CA5-A6A3A9FD8547}.Release|x86.Build.0 = Release|Any CPU
		{088DB452-E4C2-4E1F-BD49-9411242EB3E2}.Debug|Any CPU.ActiveCfg = Debug|Any CPU
		{088DB452-E4C2-4E1F-BD49-9411242EB3E2}.Debug|Any CPU.Build.0 = Debug|Any CPU
		{088DB452-E4C2-4E1F-BD49-9411242EB3E2}.Debug|x64.ActiveCfg = Debug|Any CPU
		{088DB452-E4C2-4E1F-BD49-9411242EB3E2}.Debug|x64.Build.0 = Debug|Any CPU
		{088DB452-E4C2-4E1F-BD49-9411242EB3E2}.Debug|x86.ActiveCfg = Debug|Any CPU
		{088DB452-E4C2-4E1F-BD49-9411242EB3E2}.Debug|x86.Build.0 = Debug|Any CPU
		{088DB452-E4C2-4E1F-BD49-9411242EB3E2}.Release|Any CPU.ActiveCfg = Release|Any CPU
		{088DB452-E4C2-4E1F-BD49-9411242EB3E2}.Release|Any CPU.Build.0 = Release|Any CPU
		{088DB452-E4C2-4E1F-BD49-9411242EB3E2}.Release|x64.ActiveCfg = Release|Any CPU
		{088DB452-E4C2-4E1F-BD49-9411242EB3E2}.Release|x64.Build.0 = Release|Any CPU
		{088DB452-E4C2-4E1F-BD49-9411242EB3E2}.Release|x86.ActiveCfg = Release|Any CPU
		{088DB452-E4C2-4E1F-BD49-9411242EB3E2}.Release|x86.Build.0 = Release|Any CPU
		{82FF5E26-D0C8-45A8-8499-D4FA9400440E}.Debug|Any CPU.ActiveCfg = Debug|Any CPU
		{82FF5E26-D0C8-45A8-8499-D4FA9400440E}.Debug|Any CPU.Build.0 = Debug|Any CPU
		{82FF5E26-D0C8-45A8-8499-D4FA9400440E}.Debug|x64.ActiveCfg = Debug|Any CPU
		{82FF5E26-D0C8-45A8-8499-D4FA9400440E}.Debug|x64.Build.0 = Debug|Any CPU
		{82FF5E26-D0C8-45A8-8499-D4FA9400440E}.Debug|x86.ActiveCfg = Debug|Any CPU
		{82FF5E26-D0C8-45A8-8499-D4FA9400440E}.Debug|x86.Build.0 = Debug|Any CPU
		{82FF5E26-D0C8-45A8-8499-D4FA9400440E}.Release|Any CPU.ActiveCfg = Release|Any CPU
		{82FF5E26-D0C8-45A8-8499-D4FA9400440E}.Release|Any CPU.Build.0 = Release|Any CPU
		{82FF5E26-D0C8-45A8-8499-D4FA9400440E}.Release|x64.ActiveCfg = Release|Any CPU
		{82FF5E26-D0C8-45A8-8499-D4FA9400440E}.Release|x64.Build.0 = Release|Any CPU
		{82FF5E26-D0C8-45A8-8499-D4FA9400440E}.Release|x86.ActiveCfg = Release|Any CPU
		{82FF5E26-D0C8-45A8-8499-D4FA9400440E}.Release|x86.Build.0 = Release|Any CPU
		{C7BF9DA7-A735-41BA-8322-EFA226ECCFFE}.Debug|Any CPU.ActiveCfg = Debug|Any CPU
		{C7BF9DA7-A735-41BA-8322-EFA226ECCFFE}.Debug|Any CPU.Build.0 = Debug|Any CPU
		{C7BF9DA7-A735-41BA-8322-EFA226ECCFFE}.Debug|x64.ActiveCfg = Debug|Any CPU
		{C7BF9DA7-A735-41BA-8322-EFA226ECCFFE}.Debug|x64.Build.0 = Debug|Any CPU
		{C7BF9DA7-A735-41BA-8322-EFA226ECCFFE}.Debug|x86.ActiveCfg = Debug|Any CPU
		{C7BF9DA7-A735-41BA-8322-EFA226ECCFFE}.Debug|x86.Build.0 = Debug|Any CPU
		{C7BF9DA7-A735-41BA-8322-EFA226ECCFFE}.Release|Any CPU.ActiveCfg = Release|Any CPU
		{C7BF9DA7-A735-41BA-8322-EFA226ECCFFE}.Release|Any CPU.Build.0 = Release|Any CPU
		{C7BF9DA7-A735-41BA-8322-EFA226ECCFFE}.Release|x64.ActiveCfg = Release|Any CPU
		{C7BF9DA7-A735-41BA-8322-EFA226ECCFFE}.Release|x64.Build.0 = Release|Any CPU
		{C7BF9DA7-A735-41BA-8322-EFA226ECCFFE}.Release|x86.ActiveCfg = Release|Any CPU
		{C7BF9DA7-A735-41BA-8322-EFA226ECCFFE}.Release|x86.Build.0 = Release|Any CPU
	EndGlobalSection
	GlobalSection(NestedProjects) = preSolution
		{34B7933B-6D51-4925-82E5-E4E0C659AB00} = {F5336A61-819D-4DBA-A20D-15E3A94A1A00}
		{08D99AC6-E65F-44F7-9B52-D3FD59D3133E} = {F5336A61-819D-4DBA-A20D-15E3A94A1A00}
		{76E4652B-3041-4DB9-B1E6-574CEE86C8D3} = {03D3053B-317D-469C-A34E-A6672E26EA42}
		{B690088B-FC9E-43D3-AB98-D355C72070D9} = {03D3053B-317D-469C-A34E-A6672E26EA42}
		{9474017C-0FC6-43FD-9C67-C237E83F8547} = {F5336A61-819D-4DBA-A20D-15E3A94A1A00}
		{CD6487F5-A868-49B9-8CA5-A6A3A9FD8547} = {F5336A61-819D-4DBA-A20D-15E3A94A1A00}
		{088DB452-E4C2-4E1F-BD49-9411242EB3E2} = {F5336A61-819D-4DBA-A20D-15E3A94A1A00}
		{82FF5E26-D0C8-45A8-8499-D4FA9400440E} = {F5336A61-819D-4DBA-A20D-15E3A94A1A00}
		{C7BF9DA7-A735-41BA-8322-EFA226ECCFFE} = {F5336A61-819D-4DBA-A20D-15E3A94A1A00}
	EndGlobalSection
EndGlobal
